// !$*UTF8*$!
{
	archiveVersion = 1;
	classes = {
	};
	objectVersion = 46;
	objects = {

/* Begin PBXBuildFile section */
		0207DA581B56EA530066E2B4 /* Images.xcassets in Resources */ = {isa = PBXBuildFile; fileRef = 0207DA571B56EA530066E2B4 /* Images.xcassets */; };
		02D977B90CE149F79B591D58 /* libGTM_NSDictionary+URLArguments.a in Frameworks */ = {isa = PBXBuildFile; fileRef = 6650D9D2EB3A4FF7A38D6CEA /* libGTM_NSDictionary+URLArguments.a */; };
		0B773F18694E4105940DE456 /* CDVInAppBrowser.m in Sources */ = {isa = PBXBuildFile; fileRef = A54299CBAB3C4B508A0E3BF5 /* CDVInAppBrowser.m */; };
		0BBD82FA139A4F208DF38AA8 /* FBSDKShareKit.framework in Frameworks */ = {isa = PBXBuildFile; fileRef = E3D99FE074C941848860F5F7 /* FBSDKShareKit.framework */; };
		0C9C0BC8A1AE495CBAF99D7A /* libGTMStackTrace.a in Frameworks */ = {isa = PBXBuildFile; fileRef = F5FB796FDC0A43AA8102A745 /* libGTMStackTrace.a */; };
		115E4D09879C41529E91CE89 /* libGTM_NSStringHTML.a in Frameworks */ = {isa = PBXBuildFile; fileRef = A99A28BF4A874E418DC2D1F6 /* libGTM_NSStringHTML.a */; };
		1B830895C6C640658D3AEDC7 /* libGTM_UIFont+LineHeight.a in Frameworks */ = {isa = PBXBuildFile; fileRef = 903A87D2C4744E01A8355885 /* libGTM_UIFont+LineHeight.a */; };
		1BE532029BBD410E8D5EFE3E /* libGGLCloudMessaging.a in Frameworks */ = {isa = PBXBuildFile; fileRef = 3E934385A71B4399A6878DEB /* libGGLCloudMessaging.a */; };
		1D3623260D0F684500981E51 /* AppDelegate.m in Sources */ = {isa = PBXBuildFile; fileRef = 1D3623250D0F684500981E51 /* AppDelegate.m */; };
		1D60589B0D05DD56006BFB54 /* main.m in Sources */ = {isa = PBXBuildFile; fileRef = 29B97316FDCFA39411CA2CEA /* main.m */; };
		1D7931C05D004FE7A394DAA2 /* LaunchNavigator.m in Sources */ = {isa = PBXBuildFile; fileRef = B6299E30DA644216B01EC79E /* LaunchNavigator.m */; };
		1E7230B912E541618BA68A44 /* libGTM_SystemVersion.a in Frameworks */ = {isa = PBXBuildFile; fileRef = 8682B0197177482C81887E9C /* libGTM_SystemVersion.a */; };
		1E73E218056F418FA57969A6 /* MapKit.framework in Frameworks */ = {isa = PBXBuildFile; fileRef = 2242C4C1CA9647818EBE45D8 /* MapKit.framework */; };
		1F76EE6D01814482B382589D /* libGGLCore.a in Frameworks */ = {isa = PBXBuildFile; fileRef = D91FDF986B65460FA230EACA /* libGGLCore.a */; };
		21FF5EB201F546BEBE271A8B /* CMMapLauncher.m in Sources */ = {isa = PBXBuildFile; fileRef = 85CAC408C08847A49A809215 /* CMMapLauncher.m */; };
		224A106D636F4197993A0470 /* FBSDKLoginKit.framework in Frameworks */ = {isa = PBXBuildFile; fileRef = 1CAFD8EF74EB44A79716F195 /* FBSDKLoginKit.framework */; };
		23B0567B494542D5A5317668 /* libGTM_NSData+zlib.a in Frameworks */ = {isa = PBXBuildFile; fileRef = E1EAB38683EA4E64A6B556B1 /* libGTM_NSData+zlib.a */; };
		2BCCC7D66D504CB39023977C /* libGTM_NSStringXML.a in Frameworks */ = {isa = PBXBuildFile; fileRef = D547D62DF5214FF2A101A90C /* libGTM_NSStringXML.a */; };
		301BF552109A68D80062928A /* libCordova.a in Frameworks */ = {isa = PBXBuildFile; fileRef = 301BF535109A57CC0062928A /* libCordova.a */; };
		302D95F114D2391D003F00A1 /* MainViewController.m in Sources */ = {isa = PBXBuildFile; fileRef = 302D95EF14D2391D003F00A1 /* MainViewController.m */; };
		302D95F214D2391D003F00A1 /* MainViewController.xib in Resources */ = {isa = PBXBuildFile; fileRef = 302D95F014D2391D003F00A1 /* MainViewController.xib */; };
		3264D52EE41A4F78B4EC974D /* libGSDK_Overload.a in Frameworks */ = {isa = PBXBuildFile; fileRef = FF59CD7461CA481987D97553 /* libGSDK_Overload.a */; };
		33BC7465521E433CB943BC1E /* libGTM_iPhone.a in Frameworks */ = {isa = PBXBuildFile; fileRef = 0FC23B1050394FD780D65867 /* libGTM_iPhone.a */; };
		34791E84EDB34C0EB8BFA2A9 /* AppDelegate+APPAppEvent.m in Sources */ = {isa = PBXBuildFile; fileRef = 070B217ECBDA4A5B9847E636 /* AppDelegate+APPAppEvent.m */; };
		3B00B3FC12A948FF904CF92D /* libGcmLib.a in Frameworks */ = {isa = PBXBuildFile; fileRef = 809D1F0F91EF4B9EA194547B /* libGcmLib.a */; };
		3FC544DA0B4E40AB92DB74B5 /* libGGLInstanceIDLib.a in Frameworks */ = {isa = PBXBuildFile; fileRef = 1166EDF50EB8454690B16570 /* libGGLInstanceIDLib.a */; };
		42F5A959126447C69FDD9C96 /* CDVPlugin+APPAppEvent.m in Sources */ = {isa = PBXBuildFile; fileRef = 9CFE6BD41CF34037935342CD /* CDVPlugin+APPAppEvent.m */; };
		4321D4DA2EEE4455B1497F28 /* PrivacyScreenPlugin.m in Sources */ = {isa = PBXBuildFile; fileRef = 945C8C88B10B4160B48FB035 /* PrivacyScreenPlugin.m */; };
		4551C05A7C044004BD7FFBDB /* CDVContact.m in Sources */ = {isa = PBXBuildFile; fileRef = 78417A97265C4E1BA6E0D7DB /* CDVContact.m */; };
		45999B445CC94E4EBB3B0A19 /* AddressBookUI.framework in Frameworks */ = {isa = PBXBuildFile; fileRef = CAB7DA6941D44AAF96A6F876 /* AddressBookUI.framework */; settings = {ATTRIBUTES = (Weak, ); }; };
		4617E0A716AA44DDA72F67FF /* libGTM_NSScannerJSON.a in Frameworks */ = {isa = PBXBuildFile; fileRef = F0FE6A7A6F524696841EC9B9 /* libGTM_NSScannerJSON.a */; };
		48750DBBB43F4F619BB61D8F /* libGTM_Regex.a in Frameworks */ = {isa = PBXBuildFile; fileRef = 6C3737FF64AC4A48B47CC302 /* libGTM_Regex.a */; };
		4A8675C245364C12B212CC49 /* Bolts.framework in Frameworks */ = {isa = PBXBuildFile; fileRef = CC0DDAAD6CE541A4A9724A10 /* Bolts.framework */; };
		4B4D6C5013D742959C7D56BA /* AVFoundation.framework in Frameworks */ = {isa = PBXBuildFile; fileRef = E659DAB05E4447C3BCF3D50B /* AVFoundation.framework */; };
		53BD1796E2CD4CCCB5FD23E9 /* libGIP_Reachability.a in Frameworks */ = {isa = PBXBuildFile; fileRef = A26AC064EB72437498C144EA /* libGIP_Reachability.a */; };
		56BE92B6795D4AC6A927A54C /* PrivacyScreenPlugin.h in Sources */ = {isa = PBXBuildFile; fileRef = 056E5FF37E9B427DA13D65A9 /* PrivacyScreenPlugin.h */; };
		5D8D1B3E8026447CA3CEB01C /* PushPlugin.m in Sources */ = {isa = PBXBuildFile; fileRef = 9F3A2D5A8EE74BEDACAFBD34 /* PushPlugin.m */; };
		5DF5B20871924EBEBFACE240 /* libGTMSessionFetcher_core.a in Frameworks */ = {isa = PBXBuildFile; fileRef = B3ACD33207C4418EA176840E /* libGTMSessionFetcher_core.a */; };
		61869F57D53E4097B0144579 /* libProtocolBuffers.a in Frameworks */ = {isa = PBXBuildFile; fileRef = A6300687F027417491C267D5 /* libProtocolBuffers.a */; };
		65E109854E924736A49C5D63 /* libGTM_KVO.a in Frameworks */ = {isa = PBXBuildFile; fileRef = 35668BBF4E394CE7AE6EFDA4 /* libGTM_KVO.a */; };
		6AFF5BF91D6E424B00AB3073 /* CDVLaunchScreen.storyboard in Resources */ = {isa = PBXBuildFile; fileRef = 6AFF5BF81D6E424B00AB3073 /* CDVLaunchScreen.storyboard */; };
		7B04EF17A7894272B74767F8 /* CDVContacts.m in Sources */ = {isa = PBXBuildFile; fileRef = 3A78D0539F7F418BB3E875C6 /* CDVContacts.m */; };
		7F839CF3C1A54B70B4F02850 /* CDVLocation.m in Sources */ = {isa = PBXBuildFile; fileRef = 9A9F3635A32243D1B2F0DFEE /* CDVLocation.m */; };
		871B2684947E4DDA95350878 /* ActionSheet.m in Sources */ = {isa = PBXBuildFile; fileRef = BAA42C4169DB44709EF2108A /* ActionSheet.m */; };
		8D335D3949FA4BD7963BDC5B /* CDVDevice.m in Sources */ = {isa = PBXBuildFile; fileRef = 79A8507B39094B9FB0E1DC67 /* CDVDevice.m */; };
		91546ACA0C574316868F0066 /* CDVLogger.m in Sources */ = {isa = PBXBuildFile; fileRef = 9C0E3789A7734DBF9A1FB18A /* CDVLogger.m */; };
		9810337744694123B0E55834 /* libGTM_DebugUtils.a in Frameworks */ = {isa = PBXBuildFile; fileRef = 5A3D91D953BA48249498DDF0 /* libGTM_DebugUtils.a */; };
		A7ADACBDF9CF49799921EE71 /* AddressBook.framework in Frameworks */ = {isa = PBXBuildFile; fileRef = BDE20D2789384648AA78E1DC /* AddressBook.framework */; settings = {ATTRIBUTES = (Weak, ); }; };
		A94A52502D1E44C9B906F087 /* libGTM_StringEncoding.a in Frameworks */ = {isa = PBXBuildFile; fileRef = 8C8AF214502148A1906ADB21 /* libGTM_StringEncoding.a */; };
		ABB94DAB9CF946D1B7A80780 /* UIImage+CropScaleOrientation.m in Sources */ = {isa = PBXBuildFile; fileRef = C1977081BFC2476494110A5E /* UIImage+CropScaleOrientation.m */; };
		AE576E40E53744AA8FC259F8 /* ImageIO.framework in Frameworks */ = {isa = PBXBuildFile; fileRef = CD6C7EA0563F4B91A4434AF7 /* ImageIO.framework */; settings = {ATTRIBUTES = (Weak, ); }; };
		B0CC928FCA294E339DC2E9EA /* libGTM_GTMURLBuilder.a in Frameworks */ = {isa = PBXBuildFile; fileRef = 8A6B0F8CED4F45FAAF313B97 /* libGTM_GTMURLBuilder.a */; };
		B279D941D05F492D95CABC63 /* CDVViewController+SplashScreen.m in Sources */ = {isa = PBXBuildFile; fileRef = 8E90884ED413460AAC3CE702 /* CDVViewController+SplashScreen.m */; };
		B56FB3DFC65349028792886D /* IonicKeyboard.m in Sources */ = {isa = PBXBuildFile; fileRef = 5122D49361BB43488687F9DF /* IonicKeyboard.m */; };
		B9CAEDF5A8CD4166BC09D4B6 /* libGTM_AddressBook.a in Frameworks */ = {isa = PBXBuildFile; fileRef = FF178B464568478AB1AFB315 /* libGTM_AddressBook.a */; };
		BE186E6CFE36410FB18C2E67 /* libGTMSessionFetcher_full.a in Frameworks */ = {isa = PBXBuildFile; fileRef = 8F29C31DC20D418393DFD2E4 /* libGTMSessionFetcher_full.a */; };
		BE8A363927434FE8A598BD83 /* libsqlite3.tbd in Frameworks */ = {isa = PBXBuildFile; fileRef = 6255C31F0FFB4062BAFF6A98 /* libsqlite3.tbd */; };
		C58C3AC1C98A4395A33984FD /* CDVSplashScreen.m in Sources */ = {isa = PBXBuildFile; fileRef = 9C923FB2A3CA4D639302521E /* CDVSplashScreen.m */; };
		C745436DEECB450392343DA3 /* CDVStatusBar.m in Sources */ = {isa = PBXBuildFile; fileRef = B27BBBDD472A40C09188DCC7 /* CDVStatusBar.m */; };
		CC6C2226D73740FCBA7C84F4 /* FBSDKCoreKit.framework in Frameworks */ = {isa = PBXBuildFile; fileRef = 98BCC345606D446DB0EA1EB4 /* FBSDKCoreKit.framework */; };
		D44B3AEC65A54F5A974AC0E7 /* libGTM_core.a in Frameworks */ = {isa = PBXBuildFile; fileRef = 86B71B8B8C8B41D7A9E8A80C /* libGTM_core.a */; };
		DC9A5255E5D24AF7A492AD48 /* libz.tbd in Frameworks */ = {isa = PBXBuildFile; fileRef = 446C4DA1B9824CD284E02E00 /* libz.tbd */; };
		E048AA340750446EB3EE5256 /* FacebookConnectPlugin.m in Sources */ = {isa = PBXBuildFile; fileRef = 6249DAC0AFDB497187151901 /* FacebookConnectPlugin.m */; };
		E1A7667B019040D9B6A1DC21 /* libGTM_RoundedRectPath.a in Frameworks */ = {isa = PBXBuildFile; fileRef = D7627380712C4ED289E61A11 /* libGTM_RoundedRectPath.a */; };
		E42879305A99432D87F18E76 /* AppDelegate+notification.m in Sources */ = {isa = PBXBuildFile; fileRef = 07980CFFEB2547A8BCB191CD /* AppDelegate+notification.m */; };
		ED9EF7688ABE4EFBA35B517C /* CDVJpegHeaderWriter.m in Sources */ = {isa = PBXBuildFile; fileRef = 7A489D661E494B598A5922AD /* CDVJpegHeaderWriter.m */; };
		F72761C8F4A84F60A3223A20 /* CoreLocation.framework in Frameworks */ = {isa = PBXBuildFile; fileRef = B7A097D12E6D4C44A68E58D7 /* CoreLocation.framework */; };
		F86F50DD22E04350BE5477A6 /* CDVCamera.m in Sources */ = {isa = PBXBuildFile; fileRef = EE8768EAC8844B4597E2F34B /* CDVCamera.m */; };
/* End PBXBuildFile section */

/* Begin PBXContainerItemProxy section */
		301BF534109A57CC0062928A /* PBXContainerItemProxy */ = {
			isa = PBXContainerItemProxy;
			containerPortal = 301BF52D109A57CC0062928A /* CordovaLib.xcodeproj */;
			proxyType = 2;
			remoteGlobalIDString = D2AAC07E0554694100DB518D;
			remoteInfo = CordovaLib;
		};
		301BF550109A68C00062928A /* PBXContainerItemProxy */ = {
			isa = PBXContainerItemProxy;
			containerPortal = 301BF52D109A57CC0062928A /* CordovaLib.xcodeproj */;
			proxyType = 1;
			remoteGlobalIDString = D2AAC07D0554694100DB518D;
			remoteInfo = CordovaLib;
		};
/* End PBXContainerItemProxy section */

/* Begin PBXFileReference section */
		0200952571734E9DAB8EA696 /* CDVContacts.h */ = {isa = PBXFileReference; explicitFileType = undefined; fileEncoding = 4; includeInIndex = 0; lastKnownFileType = sourcecode.c.h; name = CDVContacts.h; path = "cordova-plugin-contacts/CDVContacts.h"; sourceTree = "<group>"; };
		0207DA571B56EA530066E2B4 /* Images.xcassets */ = {isa = PBXFileReference; lastKnownFileType = folder.assetcatalog; name = Images.xcassets; path = ShareCharge/Images.xcassets; sourceTree = SOURCE_ROOT; };
		02B7AE29974F4B16B367D810 /* ActionSheet.h */ = {isa = PBXFileReference; explicitFileType = undefined; fileEncoding = 4; includeInIndex = 0; lastKnownFileType = sourcecode.c.h; name = ActionSheet.h; path = "cordova-plugin-actionsheet/ActionSheet.h"; sourceTree = "<group>"; };
		0370BD22B3074D9888BAE57A /* GGLInstanceID.h */ = {isa = PBXFileReference; explicitFileType = undefined; fileEncoding = 4; includeInIndex = 0; lastKnownFileType = sourcecode.c.h; name = GGLInstanceID.h; path = "phonegap-plugin-push/GCM/Headers/GGLInstanceID.h"; sourceTree = "<group>"; };
		038C548AF2324849B3EB3AFD /* FacebookConnectPlugin.h */ = {isa = PBXFileReference; explicitFileType = undefined; fileEncoding = 4; includeInIndex = 0; lastKnownFileType = sourcecode.c.h; name = FacebookConnectPlugin.h; path = "cordova-plugin-facebook4/FacebookConnectPlugin.h"; sourceTree = "<group>"; };
		056E5FF37E9B427DA13D65A9 /* PrivacyScreenPlugin.h */ = {isa = PBXFileReference; explicitFileType = undefined; fileEncoding = 4; includeInIndex = 0; lastKnownFileType = sourcecode.c.h; name = PrivacyScreenPlugin.h; path = "cordova-plugin-privacyscreen/PrivacyScreenPlugin.h"; sourceTree = "<group>"; };
		070B217ECBDA4A5B9847E636 /* AppDelegate+APPAppEvent.m */ = {isa = PBXFileReference; explicitFileType = undefined; fileEncoding = 4; includeInIndex = 0; lastKnownFileType = sourcecode.c.objc; name = "AppDelegate+APPAppEvent.m"; path = "cordova-plugin-app-event/AppDelegate+APPAppEvent.m"; sourceTree = "<group>"; };
		07980CFFEB2547A8BCB191CD /* AppDelegate+notification.m */ = {isa = PBXFileReference; explicitFileType = undefined; fileEncoding = 4; includeInIndex = 0; lastKnownFileType = sourcecode.c.objc; name = "AppDelegate+notification.m"; path = "phonegap-plugin-push/AppDelegate+notification.m"; sourceTree = "<group>"; };
		07A4F176480A46F39D178F7F /* PushPlugin.h */ = {isa = PBXFileReference; explicitFileType = undefined; fileEncoding = 4; includeInIndex = 0; lastKnownFileType = sourcecode.c.h; name = PushPlugin.h; path = "phonegap-plugin-push/PushPlugin.h"; sourceTree = "<group>"; };
		091B9C0B33B2491D8865A612 /* LaunchNavigator.h */ = {isa = PBXFileReference; explicitFileType = undefined; fileEncoding = 4; includeInIndex = 0; lastKnownFileType = sourcecode.c.h; name = LaunchNavigator.h; path = uk.co.workingedge.phonegap.plugin.launchnavigator/LaunchNavigator.h; sourceTree = "<group>"; };
		0E6683DFD12C4DE684E0496B /* UIImage+CropScaleOrientation.h */ = {isa = PBXFileReference; explicitFileType = undefined; fileEncoding = 4; includeInIndex = 0; lastKnownFileType = sourcecode.c.h; name = "UIImage+CropScaleOrientation.h"; path = "cordova-plugin-camera/UIImage+CropScaleOrientation.h"; sourceTree = "<group>"; };
		0FC23B1050394FD780D65867 /* libGTM_iPhone.a */ = {isa = PBXFileReference; explicitFileType = undefined; fileEncoding = 9; includeInIndex = 0; lastKnownFileType = archive.ar; name = libGTM_iPhone.a; path = "ShareCharge/Plugins/phonegap-plugin-push/GCM/Libraries/libGTM_iPhone.a"; sourceTree = "<group>"; };
		1166EDF50EB8454690B16570 /* libGGLInstanceIDLib.a */ = {isa = PBXFileReference; explicitFileType = undefined; fileEncoding = 9; includeInIndex = 0; lastKnownFileType = archive.ar; name = libGGLInstanceIDLib.a; path = "ShareCharge/Plugins/phonegap-plugin-push/GCM/Libraries/libGGLInstanceIDLib.a"; sourceTree = "<group>"; };
		1486C3F080304386B7351661 /* GCMPubSub.h */ = {isa = PBXFileReference; explicitFileType = undefined; fileEncoding = 4; includeInIndex = 0; lastKnownFileType = sourcecode.c.h; name = GCMPubSub.h; path = "phonegap-plugin-push/GCM/Headers/GCMPubSub.h"; sourceTree = "<group>"; };
		1CAFD8EF74EB44A79716F195 /* FBSDKLoginKit.framework */ = {isa = PBXFileReference; explicitFileType = undefined; fileEncoding = 9; includeInIndex = 0; lastKnownFileType = wrapper.framework; name = FBSDKLoginKit.framework; path = "ShareCharge/Plugins/cordova-plugin-facebook4/FBSDKLoginKit.framework"; sourceTree = "<group>"; };
		1D3623240D0F684500981E51 /* AppDelegate.h */ = {isa = PBXFileReference; fileEncoding = 4; lastKnownFileType = sourcecode.c.h; path = AppDelegate.h; sourceTree = "<group>"; };
		1D3623250D0F684500981E51 /* AppDelegate.m */ = {isa = PBXFileReference; fileEncoding = 4; lastKnownFileType = sourcecode.c.objc; path = AppDelegate.m; sourceTree = "<group>"; };
		1D6058910D05DD3D006BFB54 /* ShareCharge.app */ = {isa = PBXFileReference; explicitFileType = wrapper.application; includeInIndex = 0; path = ShareCharge.app; sourceTree = BUILT_PRODUCTS_DIR; };
		2242C4C1CA9647818EBE45D8 /* MapKit.framework */ = {isa = PBXFileReference; explicitFileType = undefined; fileEncoding = 9; includeInIndex = 0; lastKnownFileType = wrapper.framework; name = MapKit.framework; path = System/Library/Frameworks/MapKit.framework; sourceTree = SDKROOT; };
		29B97316FDCFA39411CA2CEA /* main.m */ = {isa = PBXFileReference; fileEncoding = 4; lastKnownFileType = sourcecode.c.objc; path = main.m; sourceTree = "<group>"; };
		2F4770647B014DE790093D92 /* GGLContext.h */ = {isa = PBXFileReference; explicitFileType = undefined; fileEncoding = 4; includeInIndex = 0; lastKnownFileType = sourcecode.c.h; name = GGLContext.h; path = "phonegap-plugin-push/GCM/Headers/GGLContext.h"; sourceTree = "<group>"; };
		301BF52D109A57CC0062928A /* CordovaLib.xcodeproj */ = {isa = PBXFileReference; lastKnownFileType = "wrapper.pb-project"; name = CordovaLib.xcodeproj; path = CordovaLib/CordovaLib.xcodeproj; sourceTree = "<group>"; };
		301BF56E109A69640062928A /* www */ = {isa = PBXFileReference; lastKnownFileType = folder; path = www; sourceTree = SOURCE_ROOT; };
		302D95EE14D2391D003F00A1 /* MainViewController.h */ = {isa = PBXFileReference; fileEncoding = 4; lastKnownFileType = sourcecode.c.h; path = MainViewController.h; sourceTree = "<group>"; };
		302D95EF14D2391D003F00A1 /* MainViewController.m */ = {isa = PBXFileReference; fileEncoding = 4; lastKnownFileType = sourcecode.c.objc; path = MainViewController.m; sourceTree = "<group>"; };
		302D95F014D2391D003F00A1 /* MainViewController.xib */ = {isa = PBXFileReference; fileEncoding = 4; lastKnownFileType = file.xib; path = MainViewController.xib; sourceTree = "<group>"; };
		3047A50F1AB8059700498E2A /* build-debug.xcconfig */ = {isa = PBXFileReference; fileEncoding = 4; lastKnownFileType = text.xcconfig; name = "build-debug.xcconfig"; path = "cordova/build-debug.xcconfig"; sourceTree = SOURCE_ROOT; };
		3047A5101AB8059700498E2A /* build-release.xcconfig */ = {isa = PBXFileReference; fileEncoding = 4; lastKnownFileType = text.xcconfig; name = "build-release.xcconfig"; path = "cordova/build-release.xcconfig"; sourceTree = SOURCE_ROOT; };
		3047A5111AB8059700498E2A /* build.xcconfig */ = {isa = PBXFileReference; fileEncoding = 4; lastKnownFileType = text.xcconfig; name = build.xcconfig; path = cordova/build.xcconfig; sourceTree = SOURCE_ROOT; };
		32CA4F630368D1EE00C91783 /* ShareCharge-Prefix.pch */ = {isa = PBXFileReference; fileEncoding = 4; lastKnownFileType = sourcecode.c.h; path = "ShareCharge-Prefix.pch"; sourceTree = "<group>"; };
		35668BBF4E394CE7AE6EFDA4 /* libGTM_KVO.a */ = {isa = PBXFileReference; explicitFileType = undefined; fileEncoding = 9; includeInIndex = 0; lastKnownFileType = archive.ar; name = libGTM_KVO.a; path = "ShareCharge/Plugins/phonegap-plugin-push/GCM/Libraries/libGTM_KVO.a"; sourceTree = "<group>"; };
		3A78D0539F7F418BB3E875C6 /* CDVContacts.m */ = {isa = PBXFileReference; explicitFileType = undefined; fileEncoding = 4; includeInIndex = 0; lastKnownFileType = sourcecode.c.objc; name = CDVContacts.m; path = "cordova-plugin-contacts/CDVContacts.m"; sourceTree = "<group>"; };
		3E934385A71B4399A6878DEB /* libGGLCloudMessaging.a */ = {isa = PBXFileReference; explicitFileType = undefined; fileEncoding = 9; includeInIndex = 0; lastKnownFileType = archive.ar; name = libGGLCloudMessaging.a; path = "ShareCharge/Plugins/phonegap-plugin-push/GCM/Libraries/libGGLCloudMessaging.a"; sourceTree = "<group>"; };
		408AE06D7D6A4C61A63FABB4 /* CDVJpegHeaderWriter.h */ = {isa = PBXFileReference; explicitFileType = undefined; fileEncoding = 4; includeInIndex = 0; lastKnownFileType = sourcecode.c.h; name = CDVJpegHeaderWriter.h; path = "cordova-plugin-camera/CDVJpegHeaderWriter.h"; sourceTree = "<group>"; };
		4327331D3C484642BC5385C6 /* GGLInstanceIDDelegate.h */ = {isa = PBXFileReference; explicitFileType = undefined; fileEncoding = 4; includeInIndex = 0; lastKnownFileType = sourcecode.c.h; name = GGLInstanceIDDelegate.h; path = "phonegap-plugin-push/GCM/Headers/GGLInstanceIDDelegate.h"; sourceTree = "<group>"; };
		446C4DA1B9824CD284E02E00 /* libz.tbd */ = {isa = PBXFileReference; explicitFileType = undefined; fileEncoding = 9; includeInIndex = 0; lastKnownFileType = "sourcecode.text-based-dylib-definition"; name = libz.tbd; path = usr/lib/libz.tbd; sourceTree = SDKROOT; };
		5122D49361BB43488687F9DF /* IonicKeyboard.m */ = {isa = PBXFileReference; explicitFileType = undefined; fileEncoding = 4; includeInIndex = 0; lastKnownFileType = sourcecode.c.objc; name = IonicKeyboard.m; path = "ionic-plugin-keyboard/IonicKeyboard.m"; sourceTree = "<group>"; };
		5A3D91D953BA48249498DDF0 /* libGTM_DebugUtils.a */ = {isa = PBXFileReference; explicitFileType = undefined; fileEncoding = 9; includeInIndex = 0; lastKnownFileType = archive.ar; name = libGTM_DebugUtils.a; path = "ShareCharge/Plugins/phonegap-plugin-push/GCM/Libraries/libGTM_DebugUtils.a"; sourceTree = "<group>"; };
		6249DAC0AFDB497187151901 /* FacebookConnectPlugin.m */ = {isa = PBXFileReference; explicitFileType = undefined; fileEncoding = 4; includeInIndex = 0; lastKnownFileType = sourcecode.c.objc; name = FacebookConnectPlugin.m; path = "cordova-plugin-facebook4/FacebookConnectPlugin.m"; sourceTree = "<group>"; };
		6255C31F0FFB4062BAFF6A98 /* libsqlite3.tbd */ = {isa = PBXFileReference; explicitFileType = undefined; fileEncoding = 9; includeInIndex = 0; lastKnownFileType = "sourcecode.text-based-dylib-definition"; name = libsqlite3.tbd; path = usr/lib/libsqlite3.tbd; sourceTree = SDKROOT; };
		657687E11F273CB2002084EF /* ShareCharge.entitlements */ = {isa = PBXFileReference; lastKnownFileType = text.plist.entitlements; name = ShareCharge.entitlements; path = ShareCharge/ShareCharge.entitlements; sourceTree = "<group>"; };
		6650D9D2EB3A4FF7A38D6CEA /* libGTM_NSDictionary+URLArguments.a */ = {isa = PBXFileReference; explicitFileType = undefined; fileEncoding = 9; includeInIndex = 0; lastKnownFileType = archive.ar; name = "libGTM_NSDictionary+URLArguments.a"; path = "ShareCharge/Plugins/phonegap-plugin-push/GCM/Libraries/libGTM_NSDictionary+URLArguments.a"; sourceTree = "<group>"; };
		68CA1E2B1B16429C90E74BEC /* CDVLocation.h */ = {isa = PBXFileReference; explicitFileType = undefined; fileEncoding = 4; includeInIndex = 0; lastKnownFileType = sourcecode.c.h; name = CDVLocation.h; path = "cordova-plugin-geolocation/CDVLocation.h"; sourceTree = "<group>"; };
		690884CB3E314A8F9A55689B /* CloudMessaging.h */ = {isa = PBXFileReference; explicitFileType = undefined; fileEncoding = 4; includeInIndex = 0; lastKnownFileType = sourcecode.c.h; name = CloudMessaging.h; path = "phonegap-plugin-push/GCM/Headers/CloudMessaging.h"; sourceTree = "<group>"; };
		6A2FF902C2254EA6B8AB930C /* CDVInAppBrowser.h */ = {isa = PBXFileReference; explicitFileType = undefined; fileEncoding = 4; includeInIndex = 0; lastKnownFileType = sourcecode.c.h; name = CDVInAppBrowser.h; path = "cordova-plugin-inappbrowser/CDVInAppBrowser.h"; sourceTree = "<group>"; };
		6AFF5BF81D6E424B00AB3073 /* CDVLaunchScreen.storyboard */ = {isa = PBXFileReference; fileEncoding = 4; lastKnownFileType = file.storyboard; name = CDVLaunchScreen.storyboard; path = ShareCharge/CDVLaunchScreen.storyboard; sourceTree = SOURCE_ROOT; };
		6C3737FF64AC4A48B47CC302 /* libGTM_Regex.a */ = {isa = PBXFileReference; explicitFileType = undefined; fileEncoding = 9; includeInIndex = 0; lastKnownFileType = archive.ar; name = libGTM_Regex.a; path = "ShareCharge/Plugins/phonegap-plugin-push/GCM/Libraries/libGTM_Regex.a"; sourceTree = "<group>"; };
		6E381F8021E34367A6BE5F6C /* GGLInstanceIDHeaders.h */ = {isa = PBXFileReference; explicitFileType = undefined; fileEncoding = 4; includeInIndex = 0; lastKnownFileType = sourcecode.c.h; name = GGLInstanceIDHeaders.h; path = "phonegap-plugin-push/GCM/Headers/GGLInstanceIDHeaders.h"; sourceTree = "<group>"; };
		77203C5F102B4A84A60D5B70 /* IonicKeyboard.h */ = {isa = PBXFileReference; explicitFileType = undefined; fileEncoding = 4; includeInIndex = 0; lastKnownFileType = sourcecode.c.h; name = IonicKeyboard.h; path = "ionic-plugin-keyboard/IonicKeyboard.h"; sourceTree = "<group>"; };
		7740A366F3EC4C18B04326BA /* APPAppEventDelegate.h */ = {isa = PBXFileReference; explicitFileType = undefined; fileEncoding = 4; includeInIndex = 0; lastKnownFileType = sourcecode.c.h; name = APPAppEventDelegate.h; path = "cordova-plugin-app-event/APPAppEventDelegate.h"; sourceTree = "<group>"; };
		78417A97265C4E1BA6E0D7DB /* CDVContact.m */ = {isa = PBXFileReference; explicitFileType = undefined; fileEncoding = 4; includeInIndex = 0; lastKnownFileType = sourcecode.c.objc; name = CDVContact.m; path = "cordova-plugin-contacts/CDVContact.m"; sourceTree = "<group>"; };
		79A8507B39094B9FB0E1DC67 /* CDVDevice.m */ = {isa = PBXFileReference; explicitFileType = undefined; fileEncoding = 4; includeInIndex = 0; lastKnownFileType = sourcecode.c.objc; name = CDVDevice.m; path = "cordova-plugin-device/CDVDevice.m"; sourceTree = "<group>"; };
		7A489D661E494B598A5922AD /* CDVJpegHeaderWriter.m */ = {isa = PBXFileReference; explicitFileType = undefined; fileEncoding = 4; includeInIndex = 0; lastKnownFileType = sourcecode.c.objc; name = CDVJpegHeaderWriter.m; path = "cordova-plugin-camera/CDVJpegHeaderWriter.m"; sourceTree = "<group>"; };
		809D1F0F91EF4B9EA194547B /* libGcmLib.a */ = {isa = PBXFileReference; explicitFileType = undefined; fileEncoding = 9; includeInIndex = 0; lastKnownFileType = archive.ar; name = libGcmLib.a; path = "ShareCharge/Plugins/phonegap-plugin-push/GCM/Libraries/libGcmLib.a"; sourceTree = "<group>"; };
		85CAC408C08847A49A809215 /* CMMapLauncher.m */ = {isa = PBXFileReference; explicitFileType = undefined; fileEncoding = 4; includeInIndex = 0; lastKnownFileType = sourcecode.c.objc; name = CMMapLauncher.m; path = uk.co.workingedge.phonegap.plugin.launchnavigator/CMMapLauncher.m; sourceTree = "<group>"; };
		8682B0197177482C81887E9C /* libGTM_SystemVersion.a */ = {isa = PBXFileReference; explicitFileType = undefined; fileEncoding = 9; includeInIndex = 0; lastKnownFileType = archive.ar; name = libGTM_SystemVersion.a; path = "ShareCharge/Plugins/phonegap-plugin-push/GCM/Libraries/libGTM_SystemVersion.a"; sourceTree = "<group>"; };
		86B71B8B8C8B41D7A9E8A80C /* libGTM_core.a */ = {isa = PBXFileReference; explicitFileType = undefined; fileEncoding = 9; includeInIndex = 0; lastKnownFileType = archive.ar; name = libGTM_core.a; path = "ShareCharge/Plugins/phonegap-plugin-push/GCM/Libraries/libGTM_core.a"; sourceTree = "<group>"; };
		8A6B0F8CED4F45FAAF313B97 /* libGTM_GTMURLBuilder.a */ = {isa = PBXFileReference; explicitFileType = undefined; fileEncoding = 9; includeInIndex = 0; lastKnownFileType = archive.ar; name = libGTM_GTMURLBuilder.a; path = "ShareCharge/Plugins/phonegap-plugin-push/GCM/Libraries/libGTM_GTMURLBuilder.a"; sourceTree = "<group>"; };
		8C8AF214502148A1906ADB21 /* libGTM_StringEncoding.a */ = {isa = PBXFileReference; explicitFileType = undefined; fileEncoding = 9; includeInIndex = 0; lastKnownFileType = archive.ar; name = libGTM_StringEncoding.a; path = "ShareCharge/Plugins/phonegap-plugin-push/GCM/Libraries/libGTM_StringEncoding.a"; sourceTree = "<group>"; };
		8D1107310486CEB800E47090 /* ShareCharge-Info.plist */ = {isa = PBXFileReference; fileEncoding = 4; lastKnownFileType = text.plist.xml; name = "ShareCharge-Info.plist"; path = "ShareCharge/ShareCharge-Info.plist"; plistStructureDefinitionIdentifier = "com.apple.xcode.plist.structure-definition.iphone.info-plist"; sourceTree = SOURCE_ROOT; };
		8E90884ED413460AAC3CE702 /* CDVViewController+SplashScreen.m */ = {isa = PBXFileReference; explicitFileType = undefined; fileEncoding = 4; includeInIndex = 0; lastKnownFileType = sourcecode.c.objc; name = "CDVViewController+SplashScreen.m"; path = "cordova-plugin-splashscreen/CDVViewController+SplashScreen.m"; sourceTree = "<group>"; };
		8F29C31DC20D418393DFD2E4 /* libGTMSessionFetcher_full.a */ = {isa = PBXFileReference; explicitFileType = undefined; fileEncoding = 9; includeInIndex = 0; lastKnownFileType = archive.ar; name = libGTMSessionFetcher_full.a; path = "ShareCharge/Plugins/phonegap-plugin-push/GCM/Libraries/libGTMSessionFetcher_full.a"; sourceTree = "<group>"; };
		8FA7FEF97E7A45119B773A72 /* CDVDevice.h */ = {isa = PBXFileReference; explicitFileType = undefined; fileEncoding = 4; includeInIndex = 0; lastKnownFileType = sourcecode.c.h; name = CDVDevice.h; path = "cordova-plugin-device/CDVDevice.h"; sourceTree = "<group>"; };
		8FCB93B8428040E2B7D79B22 /* GCMService.h */ = {isa = PBXFileReference; explicitFileType = undefined; fileEncoding = 4; includeInIndex = 0; lastKnownFileType = sourcecode.c.h; name = GCMService.h; path = "phonegap-plugin-push/GCM/Headers/GCMService.h"; sourceTree = "<group>"; };
		90006AF38E2C4E2E96F527A4 /* CDVExif.h */ = {isa = PBXFileReference; explicitFileType = undefined; fileEncoding = 4; includeInIndex = 0; lastKnownFileType = sourcecode.c.h; name = CDVExif.h; path = "cordova-plugin-camera/CDVExif.h"; sourceTree = "<group>"; };
		903A87D2C4744E01A8355885 /* libGTM_UIFont+LineHeight.a */ = {isa = PBXFileReference; explicitFileType = undefined; fileEncoding = 9; includeInIndex = 0; lastKnownFileType = archive.ar; name = "libGTM_UIFont+LineHeight.a"; path = "ShareCharge/Plugins/phonegap-plugin-push/GCM/Libraries/libGTM_UIFont+LineHeight.a"; sourceTree = "<group>"; };
		918D4C5CB9D44F58BA3FC324 /* CDVLogger.h */ = {isa = PBXFileReference; explicitFileType = undefined; fileEncoding = 4; includeInIndex = 0; lastKnownFileType = sourcecode.c.h; name = CDVLogger.h; path = "cordova-plugin-console/CDVLogger.h"; sourceTree = "<group>"; };
		945C8C88B10B4160B48FB035 /* PrivacyScreenPlugin.m */ = {isa = PBXFileReference; explicitFileType = undefined; fileEncoding = 4; includeInIndex = 0; lastKnownFileType = sourcecode.c.objc; name = PrivacyScreenPlugin.m; path = "cordova-plugin-privacyscreen/PrivacyScreenPlugin.m"; sourceTree = "<group>"; };
		9863E0C6B1B54A4A9B29C642 /* CDVViewController+SplashScreen.h */ = {isa = PBXFileReference; explicitFileType = undefined; fileEncoding = 4; includeInIndex = 0; lastKnownFileType = sourcecode.c.h; name = "CDVViewController+SplashScreen.h"; path = "cordova-plugin-splashscreen/CDVViewController+SplashScreen.h"; sourceTree = "<group>"; };
		98BCC345606D446DB0EA1EB4 /* FBSDKCoreKit.framework */ = {isa = PBXFileReference; explicitFileType = undefined; fileEncoding = 9; includeInIndex = 0; lastKnownFileType = wrapper.framework; name = FBSDKCoreKit.framework; path = "ShareCharge/Plugins/cordova-plugin-facebook4/FBSDKCoreKit.framework"; sourceTree = "<group>"; };
		99C4AD9F3DB645668265A298 /* CDVCamera.h */ = {isa = PBXFileReference; explicitFileType = undefined; fileEncoding = 4; includeInIndex = 0; lastKnownFileType = sourcecode.c.h; name = CDVCamera.h; path = "cordova-plugin-camera/CDVCamera.h"; sourceTree = "<group>"; };
		9A9F3635A32243D1B2F0DFEE /* CDVLocation.m */ = {isa = PBXFileReference; explicitFileType = undefined; fileEncoding = 4; includeInIndex = 0; lastKnownFileType = sourcecode.c.objc; name = CDVLocation.m; path = "cordova-plugin-geolocation/CDVLocation.m"; sourceTree = "<group>"; };
		9C0E3789A7734DBF9A1FB18A /* CDVLogger.m */ = {isa = PBXFileReference; explicitFileType = undefined; fileEncoding = 4; includeInIndex = 0; lastKnownFileType = sourcecode.c.objc; name = CDVLogger.m; path = "cordova-plugin-console/CDVLogger.m"; sourceTree = "<group>"; };
		9C923FB2A3CA4D639302521E /* CDVSplashScreen.m */ = {isa = PBXFileReference; explicitFileType = undefined; fileEncoding = 4; includeInIndex = 0; lastKnownFileType = sourcecode.c.objc; name = CDVSplashScreen.m; path = "cordova-plugin-splashscreen/CDVSplashScreen.m"; sourceTree = "<group>"; };
		9CFE6BD41CF34037935342CD /* CDVPlugin+APPAppEvent.m */ = {isa = PBXFileReference; explicitFileType = undefined; fileEncoding = 4; includeInIndex = 0; lastKnownFileType = sourcecode.c.objc; name = "CDVPlugin+APPAppEvent.m"; path = "cordova-plugin-app-event/CDVPlugin+APPAppEvent.m"; sourceTree = "<group>"; };
		9F3A2D5A8EE74BEDACAFBD34 /* PushPlugin.m */ = {isa = PBXFileReference; explicitFileType = undefined; fileEncoding = 4; includeInIndex = 0; lastKnownFileType = sourcecode.c.objc; name = PushPlugin.m; path = "phonegap-plugin-push/PushPlugin.m"; sourceTree = "<group>"; };
		A26AC064EB72437498C144EA /* libGIP_Reachability.a */ = {isa = PBXFileReference; explicitFileType = undefined; fileEncoding = 9; includeInIndex = 0; lastKnownFileType = archive.ar; name = libGIP_Reachability.a; path = "ShareCharge/Plugins/phonegap-plugin-push/GCM/Libraries/libGIP_Reachability.a"; sourceTree = "<group>"; };
		A54299CBAB3C4B508A0E3BF5 /* CDVInAppBrowser.m */ = {isa = PBXFileReference; explicitFileType = undefined; fileEncoding = 4; includeInIndex = 0; lastKnownFileType = sourcecode.c.objc; name = CDVInAppBrowser.m; path = "cordova-plugin-inappbrowser/CDVInAppBrowser.m"; sourceTree = "<group>"; };
		A6300687F027417491C267D5 /* libProtocolBuffers.a */ = {isa = PBXFileReference; explicitFileType = undefined; fileEncoding = 9; includeInIndex = 0; lastKnownFileType = archive.ar; name = libProtocolBuffers.a; path = "ShareCharge/Plugins/phonegap-plugin-push/GCM/Libraries/libProtocolBuffers.a"; sourceTree = "<group>"; };
		A99A28BF4A874E418DC2D1F6 /* libGTM_NSStringHTML.a */ = {isa = PBXFileReference; explicitFileType = undefined; fileEncoding = 9; includeInIndex = 0; lastKnownFileType = archive.ar; name = libGTM_NSStringHTML.a; path = "ShareCharge/Plugins/phonegap-plugin-push/GCM/Libraries/libGTM_NSStringHTML.a"; sourceTree = "<group>"; };
		AF04FB432DAD467EA3C20155 /* GGLConfiguration.h */ = {isa = PBXFileReference; explicitFileType = undefined; fileEncoding = 4; includeInIndex = 0; lastKnownFileType = sourcecode.c.h; name = GGLConfiguration.h; path = "phonegap-plugin-push/GCM/Headers/GGLConfiguration.h"; sourceTree = "<group>"; };
		AFBC7B846D0D409F8EDEA7B5 /* CMMapLauncher.h */ = {isa = PBXFileReference; explicitFileType = undefined; fileEncoding = 4; includeInIndex = 0; lastKnownFileType = sourcecode.c.h; name = CMMapLauncher.h; path = uk.co.workingedge.phonegap.plugin.launchnavigator/CMMapLauncher.h; sourceTree = "<group>"; };
		B1E0B83760264B49AFA4BD6A /* AppDelegate+APPAppEvent.h */ = {isa = PBXFileReference; explicitFileType = undefined; fileEncoding = 4; includeInIndex = 0; lastKnownFileType = sourcecode.c.h; name = "AppDelegate+APPAppEvent.h"; path = "cordova-plugin-app-event/AppDelegate+APPAppEvent.h"; sourceTree = "<group>"; };
		B27BBBDD472A40C09188DCC7 /* CDVStatusBar.m */ = {isa = PBXFileReference; explicitFileType = undefined; fileEncoding = 4; includeInIndex = 0; lastKnownFileType = sourcecode.c.objc; name = CDVStatusBar.m; path = "cordova-plugin-statusbar/CDVStatusBar.m"; sourceTree = "<group>"; };
		B3ACD33207C4418EA176840E /* libGTMSessionFetcher_core.a */ = {isa = PBXFileReference; explicitFileType = undefined; fileEncoding = 9; includeInIndex = 0; lastKnownFileType = archive.ar; name = libGTMSessionFetcher_core.a; path = "ShareCharge/Plugins/phonegap-plugin-push/GCM/Libraries/libGTMSessionFetcher_core.a"; sourceTree = "<group>"; };
		B574226CD0494542AF8C54F2 /* GGLInstanceIDConfig.h */ = {isa = PBXFileReference; explicitFileType = undefined; fileEncoding = 4; includeInIndex = 0; lastKnownFileType = sourcecode.c.h; name = GGLInstanceIDConfig.h; path = "phonegap-plugin-push/GCM/Headers/GGLInstanceIDConfig.h"; sourceTree = "<group>"; };
		B6299E30DA644216B01EC79E /* LaunchNavigator.m */ = {isa = PBXFileReference; explicitFileType = undefined; fileEncoding = 4; includeInIndex = 0; lastKnownFileType = sourcecode.c.objc; name = LaunchNavigator.m; path = uk.co.workingedge.phonegap.plugin.launchnavigator/LaunchNavigator.m; sourceTree = "<group>"; };
		B7A097D12E6D4C44A68E58D7 /* CoreLocation.framework */ = {isa = PBXFileReference; explicitFileType = undefined; fileEncoding = 9; includeInIndex = 0; lastKnownFileType = wrapper.framework; name = CoreLocation.framework; path = System/Library/Frameworks/CoreLocation.framework; sourceTree = SDKROOT; };
		BAA42C4169DB44709EF2108A /* ActionSheet.m */ = {isa = PBXFileReference; explicitFileType = undefined; fileEncoding = 4; includeInIndex = 0; lastKnownFileType = sourcecode.c.objc; name = ActionSheet.m; path = "cordova-plugin-actionsheet/ActionSheet.m"; sourceTree = "<group>"; };
		BDE20D2789384648AA78E1DC /* AddressBook.framework */ = {isa = PBXFileReference; explicitFileType = undefined; fileEncoding = 9; includeInIndex = 0; lastKnownFileType = wrapper.framework; name = AddressBook.framework; path = System/Library/Frameworks/AddressBook.framework; sourceTree = SDKROOT; };
		C1977081BFC2476494110A5E /* UIImage+CropScaleOrientation.m */ = {isa = PBXFileReference; explicitFileType = undefined; fileEncoding = 4; includeInIndex = 0; lastKnownFileType = sourcecode.c.objc; name = "UIImage+CropScaleOrientation.m"; path = "cordova-plugin-camera/UIImage+CropScaleOrientation.m"; sourceTree = "<group>"; };
		CAB7DA6941D44AAF96A6F876 /* AddressBookUI.framework */ = {isa = PBXFileReference; explicitFileType = undefined; fileEncoding = 9; includeInIndex = 0; lastKnownFileType = wrapper.framework; name = AddressBookUI.framework; path = System/Library/Frameworks/AddressBookUI.framework; sourceTree = SDKROOT; };
		CC0DDAAD6CE541A4A9724A10 /* Bolts.framework */ = {isa = PBXFileReference; explicitFileType = undefined; fileEncoding = 9; includeInIndex = 0; lastKnownFileType = wrapper.framework; name = Bolts.framework; path = "ShareCharge/Plugins/cordova-plugin-facebook4/Bolts.framework"; sourceTree = "<group>"; };
		CD6C7EA0563F4B91A4434AF7 /* ImageIO.framework */ = {isa = PBXFileReference; explicitFileType = undefined; fileEncoding = 9; includeInIndex = 0; lastKnownFileType = wrapper.framework; name = ImageIO.framework; path = System/Library/Frameworks/ImageIO.framework; sourceTree = SDKROOT; };
		CDC9C6F57B5D4E54932C33C7 /* GGLErrorCode.h */ = {isa = PBXFileReference; explicitFileType = undefined; fileEncoding = 4; includeInIndex = 0; lastKnownFileType = sourcecode.c.h; name = GGLErrorCode.h; path = "phonegap-plugin-push/GCM/Headers/GGLErrorCode.h"; sourceTree = "<group>"; };
		D464E44BA714442DB5FD9D90 /* GGLContext+CloudMessaging.h */ = {isa = PBXFileReference; explicitFileType = undefined; fileEncoding = 4; includeInIndex = 0; lastKnownFileType = sourcecode.c.h; name = "GGLContext+CloudMessaging.h"; path = "phonegap-plugin-push/GCM/Headers/GGLContext+CloudMessaging.h"; sourceTree = "<group>"; };
		D547D62DF5214FF2A101A90C /* libGTM_NSStringXML.a */ = {isa = PBXFileReference; explicitFileType = undefined; fileEncoding = 9; includeInIndex = 0; lastKnownFileType = archive.ar; name = libGTM_NSStringXML.a; path = "ShareCharge/Plugins/phonegap-plugin-push/GCM/Libraries/libGTM_NSStringXML.a"; sourceTree = "<group>"; };
		D7627380712C4ED289E61A11 /* libGTM_RoundedRectPath.a */ = {isa = PBXFileReference; explicitFileType = undefined; fileEncoding = 9; includeInIndex = 0; lastKnownFileType = archive.ar; name = libGTM_RoundedRectPath.a; path = "ShareCharge/Plugins/phonegap-plugin-push/GCM/Libraries/libGTM_RoundedRectPath.a"; sourceTree = "<group>"; };
		D91FDF986B65460FA230EACA /* libGGLCore.a */ = {isa = PBXFileReference; explicitFileType = undefined; fileEncoding = 9; includeInIndex = 0; lastKnownFileType = archive.ar; name = libGGLCore.a; path = "ShareCharge/Plugins/phonegap-plugin-push/GCM/Libraries/libGGLCore.a"; sourceTree = "<group>"; };
		E0702487F2894D32AA2BE19E /* GoogleCloudMessaging.h */ = {isa = PBXFileReference; explicitFileType = undefined; fileEncoding = 4; includeInIndex = 0; lastKnownFileType = sourcecode.c.h; name = GoogleCloudMessaging.h; path = "phonegap-plugin-push/GCM/Headers/GoogleCloudMessaging.h"; sourceTree = "<group>"; };
		E1EAB38683EA4E64A6B556B1 /* libGTM_NSData+zlib.a */ = {isa = PBXFileReference; explicitFileType = undefined; fileEncoding = 9; includeInIndex = 0; lastKnownFileType = archive.ar; name = "libGTM_NSData+zlib.a"; path = "ShareCharge/Plugins/phonegap-plugin-push/GCM/Libraries/libGTM_NSData+zlib.a"; sourceTree = "<group>"; };
		E3D99FE074C941848860F5F7 /* FBSDKShareKit.framework */ = {isa = PBXFileReference; explicitFileType = undefined; fileEncoding = 9; includeInIndex = 0; lastKnownFileType = wrapper.framework; name = FBSDKShareKit.framework; path = "ShareCharge/Plugins/cordova-plugin-facebook4/FBSDKShareKit.framework"; sourceTree = "<group>"; };
		E659DAB05E4447C3BCF3D50B /* AVFoundation.framework */ = {isa = PBXFileReference; explicitFileType = undefined; fileEncoding = 9; includeInIndex = 0; lastKnownFileType = wrapper.framework; name = AVFoundation.framework; path = System/Library/Frameworks/AVFoundation.framework; sourceTree = SDKROOT; };
		EB87FDF31871DA8E0020F90C /* www */ = {isa = PBXFileReference; lastKnownFileType = folder; name = www; path = ../../www; sourceTree = "<group>"; };
		EB87FDF41871DAF40020F90C /* config.xml */ = {isa = PBXFileReference; lastKnownFileType = text.xml; name = config.xml; path = ../../config.xml; sourceTree = "<group>"; };
		EBD10F7BF684480696699ED5 /* AppDelegate+notification.h */ = {isa = PBXFileReference; explicitFileType = undefined; fileEncoding = 4; includeInIndex = 0; lastKnownFileType = sourcecode.c.h; name = "AppDelegate+notification.h"; path = "phonegap-plugin-push/AppDelegate+notification.h"; sourceTree = "<group>"; };
		ED33DF2A687741AEAF9F8254 /* Bridging-Header.h */ = {isa = PBXFileReference; fileEncoding = 4; lastKnownFileType = sourcecode.c.h; path = "Bridging-Header.h"; sourceTree = "<group>"; };
		EE8768EAC8844B4597E2F34B /* CDVCamera.m */ = {isa = PBXFileReference; explicitFileType = undefined; fileEncoding = 4; includeInIndex = 0; lastKnownFileType = sourcecode.c.objc; name = CDVCamera.m; path = "cordova-plugin-camera/CDVCamera.m"; sourceTree = "<group>"; };
		F02DA48A0A1F492392E5F1E3 /* CDVSplashScreen.h */ = {isa = PBXFileReference; explicitFileType = undefined; fileEncoding = 4; includeInIndex = 0; lastKnownFileType = sourcecode.c.h; name = CDVSplashScreen.h; path = "cordova-plugin-splashscreen/CDVSplashScreen.h"; sourceTree = "<group>"; };
		F0FE6A7A6F524696841EC9B9 /* libGTM_NSScannerJSON.a */ = {isa = PBXFileReference; explicitFileType = undefined; fileEncoding = 9; includeInIndex = 0; lastKnownFileType = archive.ar; name = libGTM_NSScannerJSON.a; path = "ShareCharge/Plugins/phonegap-plugin-push/GCM/Libraries/libGTM_NSScannerJSON.a"; sourceTree = "<group>"; };
		F10458DF349C47C395BBED5C /* CDVStatusBar.h */ = {isa = PBXFileReference; explicitFileType = undefined; fileEncoding = 4; includeInIndex = 0; lastKnownFileType = sourcecode.c.h; name = CDVStatusBar.h; path = "cordova-plugin-statusbar/CDVStatusBar.h"; sourceTree = "<group>"; };
		F1F919A77464460488C6A226 /* CDVContact.h */ = {isa = PBXFileReference; explicitFileType = undefined; fileEncoding = 4; includeInIndex = 0; lastKnownFileType = sourcecode.c.h; name = CDVContact.h; path = "cordova-plugin-contacts/CDVContact.h"; sourceTree = "<group>"; };
		F20058216D1943C7B52DC367 /* GCMReceiverDelegate.h */ = {isa = PBXFileReference; explicitFileType = undefined; fileEncoding = 4; includeInIndex = 0; lastKnownFileType = sourcecode.c.h; name = GCMReceiverDelegate.h; path = "phonegap-plugin-push/GCM/Headers/GCMReceiverDelegate.h"; sourceTree = "<group>"; };
		F2907B3978444D6A8E9B8558 /* GCMConfig.h */ = {isa = PBXFileReference; explicitFileType = undefined; fileEncoding = 4; includeInIndex = 0; lastKnownFileType = sourcecode.c.h; name = GCMConfig.h; path = "phonegap-plugin-push/GCM/Headers/GCMConfig.h"; sourceTree = "<group>"; };
		F5EF7CC4262B40D695DF4ECC /* Core.h */ = {isa = PBXFileReference; explicitFileType = undefined; fileEncoding = 4; includeInIndex = 0; lastKnownFileType = sourcecode.c.h; name = Core.h; path = "phonegap-plugin-push/GCM/Headers/Core.h"; sourceTree = "<group>"; };
		F5FB796FDC0A43AA8102A745 /* libGTMStackTrace.a */ = {isa = PBXFileReference; explicitFileType = undefined; fileEncoding = 9; includeInIndex = 0; lastKnownFileType = archive.ar; name = libGTMStackTrace.a; path = "ShareCharge/Plugins/phonegap-plugin-push/GCM/Libraries/libGTMStackTrace.a"; sourceTree = "<group>"; };
		F840E1F0165FE0F500CFE078 /* config.xml */ = {isa = PBXFileReference; lastKnownFileType = text.xml; name = config.xml; path = ShareCharge/config.xml; sourceTree = "<group>"; };
		F981EAB7490945FFA9410DD1 /* CDVPlugin+APPAppEvent.h */ = {isa = PBXFileReference; explicitFileType = undefined; fileEncoding = 4; includeInIndex = 0; lastKnownFileType = sourcecode.c.h; name = "CDVPlugin+APPAppEvent.h"; path = "cordova-plugin-app-event/CDVPlugin+APPAppEvent.h"; sourceTree = "<group>"; };
		FF178B464568478AB1AFB315 /* libGTM_AddressBook.a */ = {isa = PBXFileReference; explicitFileType = undefined; fileEncoding = 9; includeInIndex = 0; lastKnownFileType = archive.ar; name = libGTM_AddressBook.a; path = "ShareCharge/Plugins/phonegap-plugin-push/GCM/Libraries/libGTM_AddressBook.a"; sourceTree = "<group>"; };
		FF59CD7461CA481987D97553 /* libGSDK_Overload.a */ = {isa = PBXFileReference; explicitFileType = undefined; fileEncoding = 9; includeInIndex = 0; lastKnownFileType = archive.ar; name = libGSDK_Overload.a; path = "ShareCharge/Plugins/phonegap-plugin-push/GCM/Libraries/libGSDK_Overload.a"; sourceTree = "<group>"; };
/* End PBXFileReference section */

/* Begin PBXFrameworksBuildPhase section */
		1D60588F0D05DD3D006BFB54 /* Frameworks */ = {
			isa = PBXFrameworksBuildPhase;
			buildActionMask = 2147483647;
			files = (
				301BF552109A68D80062928A /* libCordova.a in Frameworks */,
				AE576E40E53744AA8FC259F8 /* ImageIO.framework in Frameworks */,
				F72761C8F4A84F60A3223A20 /* CoreLocation.framework in Frameworks */,
				4B4D6C5013D742959C7D56BA /* AVFoundation.framework in Frameworks */,
				A7ADACBDF9CF49799921EE71 /* AddressBook.framework in Frameworks */,
				45999B445CC94E4EBB3B0A19 /* AddressBookUI.framework in Frameworks */,
				DC9A5255E5D24AF7A492AD48 /* libz.tbd in Frameworks */,
				4A8675C245364C12B212CC49 /* Bolts.framework in Frameworks */,
				CC6C2226D73740FCBA7C84F4 /* FBSDKCoreKit.framework in Frameworks */,
				224A106D636F4197993A0470 /* FBSDKLoginKit.framework in Frameworks */,
				0BBD82FA139A4F208DF38AA8 /* FBSDKShareKit.framework in Frameworks */,
				1BE532029BBD410E8D5EFE3E /* libGGLCloudMessaging.a in Frameworks */,
				1F76EE6D01814482B382589D /* libGGLCore.a in Frameworks */,
				3FC544DA0B4E40AB92DB74B5 /* libGGLInstanceIDLib.a in Frameworks */,
				53BD1796E2CD4CCCB5FD23E9 /* libGIP_Reachability.a in Frameworks */,
				3264D52EE41A4F78B4EC974D /* libGSDK_Overload.a in Frameworks */,
				5DF5B20871924EBEBFACE240 /* libGTMSessionFetcher_core.a in Frameworks */,
				BE186E6CFE36410FB18C2E67 /* libGTMSessionFetcher_full.a in Frameworks */,
				0C9C0BC8A1AE495CBAF99D7A /* libGTMStackTrace.a in Frameworks */,
				B9CAEDF5A8CD4166BC09D4B6 /* libGTM_AddressBook.a in Frameworks */,
				9810337744694123B0E55834 /* libGTM_DebugUtils.a in Frameworks */,
				B0CC928FCA294E339DC2E9EA /* libGTM_GTMURLBuilder.a in Frameworks */,
				65E109854E924736A49C5D63 /* libGTM_KVO.a in Frameworks */,
				23B0567B494542D5A5317668 /* libGTM_NSData+zlib.a in Frameworks */,
				02D977B90CE149F79B591D58 /* libGTM_NSDictionary+URLArguments.a in Frameworks */,
				4617E0A716AA44DDA72F67FF /* libGTM_NSScannerJSON.a in Frameworks */,
				115E4D09879C41529E91CE89 /* libGTM_NSStringHTML.a in Frameworks */,
				2BCCC7D66D504CB39023977C /* libGTM_NSStringXML.a in Frameworks */,
				48750DBBB43F4F619BB61D8F /* libGTM_Regex.a in Frameworks */,
				E1A7667B019040D9B6A1DC21 /* libGTM_RoundedRectPath.a in Frameworks */,
				A94A52502D1E44C9B906F087 /* libGTM_StringEncoding.a in Frameworks */,
				1E7230B912E541618BA68A44 /* libGTM_SystemVersion.a in Frameworks */,
				1B830895C6C640658D3AEDC7 /* libGTM_UIFont+LineHeight.a in Frameworks */,
				D44B3AEC65A54F5A974AC0E7 /* libGTM_core.a in Frameworks */,
				33BC7465521E433CB943BC1E /* libGTM_iPhone.a in Frameworks */,
				3B00B3FC12A948FF904CF92D /* libGcmLib.a in Frameworks */,
				61869F57D53E4097B0144579 /* libProtocolBuffers.a in Frameworks */,
				BE8A363927434FE8A598BD83 /* libsqlite3.tbd in Frameworks */,
				1E73E218056F418FA57969A6 /* MapKit.framework in Frameworks */,
			);
			runOnlyForDeploymentPostprocessing = 0;
		};
/* End PBXFrameworksBuildPhase section */

/* Begin PBXGroup section */
		080E96DDFE201D6D7F000001 /* Classes */ = {
			isa = PBXGroup;
			children = (
				302D95EE14D2391D003F00A1 /* MainViewController.h */,
				302D95EF14D2391D003F00A1 /* MainViewController.m */,
				302D95F014D2391D003F00A1 /* MainViewController.xib */,
				1D3623240D0F684500981E51 /* AppDelegate.h */,
				1D3623250D0F684500981E51 /* AppDelegate.m */,
			);
			name = Classes;
			path = ShareCharge/Classes;
			sourceTree = SOURCE_ROOT;
		};
		19C28FACFE9D520D11CA2CBB /* Products */ = {
			isa = PBXGroup;
			children = (
				1D6058910D05DD3D006BFB54 /* ShareCharge.app */,
			);
			name = Products;
			sourceTree = "<group>";
		};
		29B97314FDCFA39411CA2CEA /* CustomTemplate */ = {
			isa = PBXGroup;
			children = (
				657687E11F273CB2002084EF /* ShareCharge.entitlements */,
				EB87FDF41871DAF40020F90C /* config.xml */,
				EB87FDF31871DA8E0020F90C /* www */,
				EB87FDF11871DA420020F90C /* Staging */,
				301BF52D109A57CC0062928A /* CordovaLib.xcodeproj */,
				080E96DDFE201D6D7F000001 /* Classes */,
				307C750510C5A3420062BCA9 /* Plugins */,
				29B97315FDCFA39411CA2CEA /* Other Sources */,
				29B97317FDCFA39411CA2CEA /* Resources */,
				29B97323FDCFA39411CA2CEA /* Frameworks */,
				19C28FACFE9D520D11CA2CBB /* Products */,
			);
			name = CustomTemplate;
			sourceTree = "<group>";
		};
		29B97315FDCFA39411CA2CEA /* Other Sources */ = {
			isa = PBXGroup;
			children = (
				32CA4F630368D1EE00C91783 /* ShareCharge-Prefix.pch */,
				29B97316FDCFA39411CA2CEA /* main.m */,
				ED33DF2A687741AEAF9F8254 /* Bridging-Header.h */,
			);
			name = "Other Sources";
			path = ShareCharge;
			sourceTree = "<group>";
		};
		29B97317FDCFA39411CA2CEA /* Resources */ = {
			isa = PBXGroup;
			children = (
				0207DA571B56EA530066E2B4 /* Images.xcassets */,
				3047A50E1AB8057F00498E2A /* config */,
				8D1107310486CEB800E47090 /* ShareCharge-Info.plist */,
				6AFF5BF81D6E424B00AB3073 /* CDVLaunchScreen.storyboard */,
			);
			name = Resources;
			path = ShareCharge/Resources;
			sourceTree = "<group>";
		};
		29B97323FDCFA39411CA2CEA /* Frameworks */ = {
			isa = PBXGroup;
			children = (
				CD6C7EA0563F4B91A4434AF7 /* ImageIO.framework */,
				B7A097D12E6D4C44A68E58D7 /* CoreLocation.framework */,
				E659DAB05E4447C3BCF3D50B /* AVFoundation.framework */,
				BDE20D2789384648AA78E1DC /* AddressBook.framework */,
				CAB7DA6941D44AAF96A6F876 /* AddressBookUI.framework */,
				446C4DA1B9824CD284E02E00 /* libz.tbd */,
				CC0DDAAD6CE541A4A9724A10 /* Bolts.framework */,
				98BCC345606D446DB0EA1EB4 /* FBSDKCoreKit.framework */,
				1CAFD8EF74EB44A79716F195 /* FBSDKLoginKit.framework */,
				E3D99FE074C941848860F5F7 /* FBSDKShareKit.framework */,
				3E934385A71B4399A6878DEB /* libGGLCloudMessaging.a */,
				D91FDF986B65460FA230EACA /* libGGLCore.a */,
				1166EDF50EB8454690B16570 /* libGGLInstanceIDLib.a */,
				A26AC064EB72437498C144EA /* libGIP_Reachability.a */,
				FF59CD7461CA481987D97553 /* libGSDK_Overload.a */,
				B3ACD33207C4418EA176840E /* libGTMSessionFetcher_core.a */,
				8F29C31DC20D418393DFD2E4 /* libGTMSessionFetcher_full.a */,
				F5FB796FDC0A43AA8102A745 /* libGTMStackTrace.a */,
				FF178B464568478AB1AFB315 /* libGTM_AddressBook.a */,
				5A3D91D953BA48249498DDF0 /* libGTM_DebugUtils.a */,
				8A6B0F8CED4F45FAAF313B97 /* libGTM_GTMURLBuilder.a */,
				35668BBF4E394CE7AE6EFDA4 /* libGTM_KVO.a */,
				E1EAB38683EA4E64A6B556B1 /* libGTM_NSData+zlib.a */,
				6650D9D2EB3A4FF7A38D6CEA /* libGTM_NSDictionary+URLArguments.a */,
				F0FE6A7A6F524696841EC9B9 /* libGTM_NSScannerJSON.a */,
				A99A28BF4A874E418DC2D1F6 /* libGTM_NSStringHTML.a */,
				D547D62DF5214FF2A101A90C /* libGTM_NSStringXML.a */,
				6C3737FF64AC4A48B47CC302 /* libGTM_Regex.a */,
				D7627380712C4ED289E61A11 /* libGTM_RoundedRectPath.a */,
				8C8AF214502148A1906ADB21 /* libGTM_StringEncoding.a */,
				8682B0197177482C81887E9C /* libGTM_SystemVersion.a */,
				903A87D2C4744E01A8355885 /* libGTM_UIFont+LineHeight.a */,
				86B71B8B8C8B41D7A9E8A80C /* libGTM_core.a */,
				0FC23B1050394FD780D65867 /* libGTM_iPhone.a */,
				809D1F0F91EF4B9EA194547B /* libGcmLib.a */,
				A6300687F027417491C267D5 /* libProtocolBuffers.a */,
				6255C31F0FFB4062BAFF6A98 /* libsqlite3.tbd */,
				2242C4C1CA9647818EBE45D8 /* MapKit.framework */,
			);
			name = Frameworks;
			sourceTree = "<group>";
		};
		301BF52E109A57CC0062928A /* Products */ = {
			isa = PBXGroup;
			children = (
				301BF535109A57CC0062928A /* libCordova.a */,
			);
			name = Products;
			sourceTree = "<group>";
		};
		3047A50E1AB8057F00498E2A /* config */ = {
			isa = PBXGroup;
			children = (
				3047A50F1AB8059700498E2A /* build-debug.xcconfig */,
				3047A5101AB8059700498E2A /* build-release.xcconfig */,
				3047A5111AB8059700498E2A /* build.xcconfig */,
			);
			name = config;
			sourceTree = "<group>";
		};
		307C750510C5A3420062BCA9 /* Plugins */ = {
			isa = PBXGroup;
			children = (
				BAA42C4169DB44709EF2108A /* ActionSheet.m */,
				02B7AE29974F4B16B367D810 /* ActionSheet.h */,
				070B217ECBDA4A5B9847E636 /* AppDelegate+APPAppEvent.m */,
				9CFE6BD41CF34037935342CD /* CDVPlugin+APPAppEvent.m */,
				B1E0B83760264B49AFA4BD6A /* AppDelegate+APPAppEvent.h */,
				F981EAB7490945FFA9410DD1 /* CDVPlugin+APPAppEvent.h */,
				7740A366F3EC4C18B04326BA /* APPAppEventDelegate.h */,
				C1977081BFC2476494110A5E /* UIImage+CropScaleOrientation.m */,
				EE8768EAC8844B4597E2F34B /* CDVCamera.m */,
				7A489D661E494B598A5922AD /* CDVJpegHeaderWriter.m */,
				0E6683DFD12C4DE684E0496B /* UIImage+CropScaleOrientation.h */,
				99C4AD9F3DB645668265A298 /* CDVCamera.h */,
				408AE06D7D6A4C61A63FABB4 /* CDVJpegHeaderWriter.h */,
				90006AF38E2C4E2E96F527A4 /* CDVExif.h */,
				9C0E3789A7734DBF9A1FB18A /* CDVLogger.m */,
				918D4C5CB9D44F58BA3FC324 /* CDVLogger.h */,
				3A78D0539F7F418BB3E875C6 /* CDVContacts.m */,
				78417A97265C4E1BA6E0D7DB /* CDVContact.m */,
				0200952571734E9DAB8EA696 /* CDVContacts.h */,
				F1F919A77464460488C6A226 /* CDVContact.h */,
				79A8507B39094B9FB0E1DC67 /* CDVDevice.m */,
				8FA7FEF97E7A45119B773A72 /* CDVDevice.h */,
				6249DAC0AFDB497187151901 /* FacebookConnectPlugin.m */,
				038C548AF2324849B3EB3AFD /* FacebookConnectPlugin.h */,
				9A9F3635A32243D1B2F0DFEE /* CDVLocation.m */,
				68CA1E2B1B16429C90E74BEC /* CDVLocation.h */,
				A54299CBAB3C4B508A0E3BF5 /* CDVInAppBrowser.m */,
				6A2FF902C2254EA6B8AB930C /* CDVInAppBrowser.h */,
				056E5FF37E9B427DA13D65A9 /* PrivacyScreenPlugin.h */,
				945C8C88B10B4160B48FB035 /* PrivacyScreenPlugin.m */,
				9C923FB2A3CA4D639302521E /* CDVSplashScreen.m */,
				8E90884ED413460AAC3CE702 /* CDVViewController+SplashScreen.m */,
				F02DA48A0A1F492392E5F1E3 /* CDVSplashScreen.h */,
				9863E0C6B1B54A4A9B29C642 /* CDVViewController+SplashScreen.h */,
				B27BBBDD472A40C09188DCC7 /* CDVStatusBar.m */,
				F10458DF349C47C395BBED5C /* CDVStatusBar.h */,
				5122D49361BB43488687F9DF /* IonicKeyboard.m */,
				77203C5F102B4A84A60D5B70 /* IonicKeyboard.h */,
				07980CFFEB2547A8BCB191CD /* AppDelegate+notification.m */,
				9F3A2D5A8EE74BEDACAFBD34 /* PushPlugin.m */,
				EBD10F7BF684480696699ED5 /* AppDelegate+notification.h */,
				07A4F176480A46F39D178F7F /* PushPlugin.h */,
				0370BD22B3074D9888BAE57A /* GGLInstanceID.h */,
				B574226CD0494542AF8C54F2 /* GGLInstanceIDConfig.h */,
				4327331D3C484642BC5385C6 /* GGLInstanceIDDelegate.h */,
				6E381F8021E34367A6BE5F6C /* GGLInstanceIDHeaders.h */,
				690884CB3E314A8F9A55689B /* CloudMessaging.h */,
				D464E44BA714442DB5FD9D90 /* GGLContext+CloudMessaging.h */,
				F5EF7CC4262B40D695DF4ECC /* Core.h */,
				AF04FB432DAD467EA3C20155 /* GGLConfiguration.h */,
				2F4770647B014DE790093D92 /* GGLContext.h */,
				CDC9C6F57B5D4E54932C33C7 /* GGLErrorCode.h */,
				F2907B3978444D6A8E9B8558 /* GCMConfig.h */,
				1486C3F080304386B7351661 /* GCMPubSub.h */,
				F20058216D1943C7B52DC367 /* GCMReceiverDelegate.h */,
				8FCB93B8428040E2B7D79B22 /* GCMService.h */,
				E0702487F2894D32AA2BE19E /* GoogleCloudMessaging.h */,
				85CAC408C08847A49A809215 /* CMMapLauncher.m */,
				B6299E30DA644216B01EC79E /* LaunchNavigator.m */,
				AFBC7B846D0D409F8EDEA7B5 /* CMMapLauncher.h */,
				091B9C0B33B2491D8865A612 /* LaunchNavigator.h */,
			);
			name = Plugins;
			path = ShareCharge/Plugins;
			sourceTree = SOURCE_ROOT;
		};
		EB87FDF11871DA420020F90C /* Staging */ = {
			isa = PBXGroup;
			children = (
				F840E1F0165FE0F500CFE078 /* config.xml */,
				301BF56E109A69640062928A /* www */,
			);
			name = Staging;
			sourceTree = "<group>";
		};
/* End PBXGroup section */

/* Begin PBXNativeTarget section */
		1D6058900D05DD3D006BFB54 /* ShareCharge */ = {
			isa = PBXNativeTarget;
			buildConfigurationList = 1D6058960D05DD3E006BFB54 /* Build configuration list for PBXNativeTarget "ShareCharge" */;
			buildPhases = (
				304B58A110DAC018002A0835 /* Copy www directory */,
				1D60588D0D05DD3D006BFB54 /* Resources */,
				1D60588E0D05DD3D006BFB54 /* Sources */,
				1D60588F0D05DD3D006BFB54 /* Frameworks */,
			);
			buildRules = (
			);
			dependencies = (
				301BF551109A68C00062928A /* PBXTargetDependency */,
			);
			name = ShareCharge;
			productName = ShareCharge;
			productReference = 1D6058910D05DD3D006BFB54 /* ShareCharge.app */;
			productType = "com.apple.product-type.application";
		};
/* End PBXNativeTarget section */

/* Begin PBXProject section */
		29B97313FDCFA39411CA2CEA /* Project object */ = {
			isa = PBXProject;
			attributes = {
				LastUpgradeCheck = 510;
				TargetAttributes = {
					1D6058900D05DD3D006BFB54 = {
						DevelopmentTeam = S8N3ZACVV9;
						ProvisioningStyle = Automatic;
						SystemCapabilities = {
							com.apple.Push = {
								enabled = 1;
							};
						};
					};
				};
			};
			buildConfigurationList = C01FCF4E08A954540054247B /* Build configuration list for PBXProject "ShareCharge" */;
			compatibilityVersion = "Xcode 3.2";
			developmentRegion = English;
			hasScannedForEncodings = 1;
			knownRegions = (
				en,
			);
			mainGroup = 29B97314FDCFA39411CA2CEA /* CustomTemplate */;
			projectDirPath = "";
			projectReferences = (
				{
					ProductGroup = 301BF52E109A57CC0062928A /* Products */;
					ProjectRef = 301BF52D109A57CC0062928A /* CordovaLib.xcodeproj */;
				},
			);
			projectRoot = "";
			targets = (
				1D6058900D05DD3D006BFB54 /* ShareCharge */,
			);
		};
/* End PBXProject section */

/* Begin PBXReferenceProxy section */
		301BF535109A57CC0062928A /* libCordova.a */ = {
			isa = PBXReferenceProxy;
			fileType = archive.ar;
			path = libCordova.a;
			remoteRef = 301BF534109A57CC0062928A /* PBXContainerItemProxy */;
			sourceTree = BUILT_PRODUCTS_DIR;
		};
/* End PBXReferenceProxy section */

/* Begin PBXResourcesBuildPhase section */
		1D60588D0D05DD3D006BFB54 /* Resources */ = {
			isa = PBXResourcesBuildPhase;
			buildActionMask = 2147483647;
			files = (
				302D95F214D2391D003F00A1 /* MainViewController.xib in Resources */,
				0207DA581B56EA530066E2B4 /* Images.xcassets in Resources */,
				6AFF5BF91D6E424B00AB3073 /* CDVLaunchScreen.storyboard in Resources */,
			);
			runOnlyForDeploymentPostprocessing = 0;
		};
/* End PBXResourcesBuildPhase section */

/* Begin PBXShellScriptBuildPhase section */
		304B58A110DAC018002A0835 /* Copy www directory */ = {
			isa = PBXShellScriptBuildPhase;
			buildActionMask = 2147483647;
			files = (
			);
			inputPaths = (
			);
			name = "Copy www directory";
			outputPaths = (
			);
			runOnlyForDeploymentPostprocessing = 0;
			shellPath = /bin/sh;
			shellScript = "NODEJS_PATH=/usr/local/bin; NVM_NODE_PATH=~/.nvm/versions/node/`nvm version 2>/dev/null`/bin; N_NODE_PATH=`find /usr/local/n/versions/node/* -maxdepth 0 -type d 2>/dev/null | tail -1`/bin; XCODE_NODE_PATH=`xcode-select --print-path`/usr/share/xcs/Node/bin; PATH=$NODEJS_PATH:$NVM_NODE_PATH:$N_NODE_PATH:$XCODE_NODE_PATH:$PATH && node cordova/lib/copy-www-build-step.js";
			showEnvVarsInLog = 0;
		};
/* End PBXShellScriptBuildPhase section */

/* Begin PBXSourcesBuildPhase section */
		1D60588E0D05DD3D006BFB54 /* Sources */ = {
			isa = PBXSourcesBuildPhase;
			buildActionMask = 2147483647;
			files = (
				1D60589B0D05DD56006BFB54 /* main.m in Sources */,
				1D3623260D0F684500981E51 /* AppDelegate.m in Sources */,
				302D95F114D2391D003F00A1 /* MainViewController.m in Sources */,
				871B2684947E4DDA95350878 /* ActionSheet.m in Sources */,
				34791E84EDB34C0EB8BFA2A9 /* AppDelegate+APPAppEvent.m in Sources */,
				42F5A959126447C69FDD9C96 /* CDVPlugin+APPAppEvent.m in Sources */,
				ABB94DAB9CF946D1B7A80780 /* UIImage+CropScaleOrientation.m in Sources */,
				F86F50DD22E04350BE5477A6 /* CDVCamera.m in Sources */,
				ED9EF7688ABE4EFBA35B517C /* CDVJpegHeaderWriter.m in Sources */,
				91546ACA0C574316868F0066 /* CDVLogger.m in Sources */,
				7B04EF17A7894272B74767F8 /* CDVContacts.m in Sources */,
				4551C05A7C044004BD7FFBDB /* CDVContact.m in Sources */,
				8D335D3949FA4BD7963BDC5B /* CDVDevice.m in Sources */,
				E048AA340750446EB3EE5256 /* FacebookConnectPlugin.m in Sources */,
				7F839CF3C1A54B70B4F02850 /* CDVLocation.m in Sources */,
				0B773F18694E4105940DE456 /* CDVInAppBrowser.m in Sources */,
				56BE92B6795D4AC6A927A54C /* PrivacyScreenPlugin.h in Sources */,
				4321D4DA2EEE4455B1497F28 /* PrivacyScreenPlugin.m in Sources */,
				C58C3AC1C98A4395A33984FD /* CDVSplashScreen.m in Sources */,
				B279D941D05F492D95CABC63 /* CDVViewController+SplashScreen.m in Sources */,
				C745436DEECB450392343DA3 /* CDVStatusBar.m in Sources */,
				B56FB3DFC65349028792886D /* IonicKeyboard.m in Sources */,
				E42879305A99432D87F18E76 /* AppDelegate+notification.m in Sources */,
				5D8D1B3E8026447CA3CEB01C /* PushPlugin.m in Sources */,
				21FF5EB201F546BEBE271A8B /* CMMapLauncher.m in Sources */,
				1D7931C05D004FE7A394DAA2 /* LaunchNavigator.m in Sources */,
			);
			runOnlyForDeploymentPostprocessing = 0;
		};
/* End PBXSourcesBuildPhase section */

/* Begin PBXTargetDependency section */
		301BF551109A68C00062928A /* PBXTargetDependency */ = {
			isa = PBXTargetDependency;
			name = CordovaLib;
			targetProxy = 301BF550109A68C00062928A /* PBXContainerItemProxy */;
		};
/* End PBXTargetDependency section */

/* Begin XCBuildConfiguration section */
		1D6058940D05DD3E006BFB54 /* Debug */ = {
			isa = XCBuildConfiguration;
			baseConfigurationReference = 3047A50F1AB8059700498E2A /* build-debug.xcconfig */;
			buildSettings = {
				ALWAYS_SEARCH_USER_PATHS = NO;
				ASSETCATALOG_COMPILER_APPICON_NAME = AppIcon;
				ASSETCATALOG_COMPILER_LAUNCHIMAGE_NAME = LaunchImage;
				CLANG_ENABLE_MODULES = YES;
				CLANG_ENABLE_OBJC_ARC = YES;
				CODE_SIGN_ENTITLEMENTS = ShareCharge/ShareCharge.entitlements;
				"CODE_SIGN_IDENTITY[sdk=iphoneos*]" = "iPhone Developer";
				COPY_PHASE_STRIP = NO;
				DEVELOPMENT_TEAM = S8N3ZACVV9;
				FRAMEWORK_SEARCH_PATHS = (
					"$(inherited)",
					"\"ShareCharge/Plugins/cordova-plugin-facebook4\"",
					"\"ShareCharge/Plugins/cordova-plugin-facebook4\"",
					"\"ShareCharge/Plugins/cordova-plugin-facebook4\"",
					"\"ShareCharge/Plugins/cordova-plugin-facebook4\"",
				);
				GCC_DYNAMIC_NO_PIC = NO;
				GCC_NO_COMMON_BLOCKS = NO;
				GCC_OPTIMIZATION_LEVEL = 0;
				GCC_PRECOMPILE_PREFIX_HEADER = YES;
				GCC_PREFIX_HEADER = "ShareCharge/ShareCharge-Prefix.pch";
				GCC_THUMB_SUPPORT = NO;
				GCC_VERSION = "";
				INFOPLIST_FILE = "ShareCharge/ShareCharge-Info.plist";
				IPHONEOS_DEPLOYMENT_TARGET = 9.0;
				LD_RUNPATH_SEARCH_PATHS = "@executable_path/Frameworks";
				LIBRARY_SEARCH_PATHS = (
					"$(inherited)",
					"\"$(SRCROOT)/ShareCharge/Plugins/phonegap-plugin-push/GCM/Libraries\"",
					"\"$(SRCROOT)/ShareCharge/Plugins/phonegap-plugin-push/GCM/Libraries\"",
					"\"$(SRCROOT)/ShareCharge/Plugins/phonegap-plugin-push/GCM/Libraries\"",
					"\"$(SRCROOT)/ShareCharge/Plugins/phonegap-plugin-push/GCM/Libraries\"",
					"\"$(SRCROOT)/ShareCharge/Plugins/phonegap-plugin-push/GCM/Libraries\"",
					"\"$(SRCROOT)/ShareCharge/Plugins/phonegap-plugin-push/GCM/Libraries\"",
					"\"$(SRCROOT)/ShareCharge/Plugins/phonegap-plugin-push/GCM/Libraries\"",
					"\"$(SRCROOT)/ShareCharge/Plugins/phonegap-plugin-push/GCM/Libraries\"",
					"\"$(SRCROOT)/ShareCharge/Plugins/phonegap-plugin-push/GCM/Libraries\"",
					"\"$(SRCROOT)/ShareCharge/Plugins/phonegap-plugin-push/GCM/Libraries\"",
					"\"$(SRCROOT)/ShareCharge/Plugins/phonegap-plugin-push/GCM/Libraries\"",
					"\"$(SRCROOT)/ShareCharge/Plugins/phonegap-plugin-push/GCM/Libraries\"",
					"\"$(SRCROOT)/ShareCharge/Plugins/phonegap-plugin-push/GCM/Libraries\"",
					"\"$(SRCROOT)/ShareCharge/Plugins/phonegap-plugin-push/GCM/Libraries\"",
					"\"$(SRCROOT)/ShareCharge/Plugins/phonegap-plugin-push/GCM/Libraries\"",
					"\"$(SRCROOT)/ShareCharge/Plugins/phonegap-plugin-push/GCM/Libraries\"",
					"\"$(SRCROOT)/ShareCharge/Plugins/phonegap-plugin-push/GCM/Libraries\"",
					"\"$(SRCROOT)/ShareCharge/Plugins/phonegap-plugin-push/GCM/Libraries\"",
					"\"$(SRCROOT)/ShareCharge/Plugins/phonegap-plugin-push/GCM/Libraries\"",
					"\"$(SRCROOT)/ShareCharge/Plugins/phonegap-plugin-push/GCM/Libraries\"",
					"\"$(SRCROOT)/ShareCharge/Plugins/phonegap-plugin-push/GCM/Libraries\"",
					"\"$(SRCROOT)/ShareCharge/Plugins/phonegap-plugin-push/GCM/Libraries\"",
					"\"$(SRCROOT)/ShareCharge/Plugins/phonegap-plugin-push/GCM/Libraries\"",
					"\"$(SRCROOT)/ShareCharge/Plugins/phonegap-plugin-push/GCM/Libraries\"",
					"\"$(SRCROOT)/ShareCharge/Plugins/phonegap-plugin-push/GCM/Libraries\"",
					"\"$(SRCROOT)/ShareCharge/Plugins/phonegap-plugin-push/GCM/Libraries\"",
					"\"$(SRCROOT)/ShareCharge/Plugins/phonegap-plugin-push/GCM/Libraries\"",
					"\"$(SRCROOT)/ShareCharge/Plugins/phonegap-plugin-push/GCM/Libraries\"",
					"\"$(SRCROOT)/ShareCharge/Plugins/phonegap-plugin-push/GCM/Libraries\"",
					"\"$(SRCROOT)/ShareCharge/Plugins/phonegap-plugin-push/GCM/Libraries\"",
					"\"$(SRCROOT)/ShareCharge/Plugins/phonegap-plugin-push/GCM/Libraries\"",
					"\"$(SRCROOT)/ShareCharge/Plugins/phonegap-plugin-push/GCM/Libraries\"",
					"\"$(SRCROOT)/ShareCharge/Plugins/phonegap-plugin-push/GCM/Libraries\"",
					"\"$(SRCROOT)/ShareCharge/Plugins/phonegap-plugin-push/GCM/Libraries\"",
					"\"$(SRCROOT)/ShareCharge/Plugins/phonegap-plugin-push/GCM/Libraries\"",
					"\"$(SRCROOT)/ShareCharge/Plugins/phonegap-plugin-push/GCM/Libraries\"",
					"\"$(SRCROOT)/ShareCharge/Plugins/phonegap-plugin-push/GCM/Libraries\"",
					"\"$(SRCROOT)/ShareCharge/Plugins/phonegap-plugin-push/GCM/Libraries\"",
					"\"$(SRCROOT)/ShareCharge/Plugins/phonegap-plugin-push/GCM/Libraries\"",
					"\"$(SRCROOT)/ShareCharge/Plugins/phonegap-plugin-push/GCM/Libraries\"",
					"\"$(SRCROOT)/ShareCharge/Plugins/phonegap-plugin-push/GCM/Libraries\"",
					"\"$(SRCROOT)/ShareCharge/Plugins/phonegap-plugin-push/GCM/Libraries\"",
					"\"$(SRCROOT)/ShareCharge/Plugins/phonegap-plugin-push/GCM/Libraries\"",
					"\"$(SRCROOT)/ShareCharge/Plugins/phonegap-plugin-push/GCM/Libraries\"",
					"\"$(SRCROOT)/ShareCharge/Plugins/phonegap-plugin-push/GCM/Libraries\"",
					"\"$(SRCROOT)/ShareCharge/Plugins/phonegap-plugin-push/GCM/Libraries\"",
					"\"$(SRCROOT)/ShareCharge/Plugins/phonegap-plugin-push/GCM/Libraries\"",
					"\"$(SRCROOT)/ShareCharge/Plugins/phonegap-plugin-push/GCM/Libraries\"",
					"\"$(SRCROOT)/ShareCharge/Plugins/phonegap-plugin-push/GCM/Libraries\"",
					"\"$(SRCROOT)/ShareCharge/Plugins/phonegap-plugin-push/GCM/Libraries\"",
					"\"$(SRCROOT)/ShareCharge/Plugins/phonegap-plugin-push/GCM/Libraries\"",
					"\"$(SRCROOT)/ShareCharge/Plugins/phonegap-plugin-push/GCM/Libraries\"",
				);
				PRODUCT_NAME = ShareCharge;
				PROVISIONING_PROFILE_SPECIFIER = "";
				TARGETED_DEVICE_FAMILY = "1,2";
			};
			name = Debug;
		};
		1D6058950D05DD3E006BFB54 /* Release */ = {
			isa = XCBuildConfiguration;
			baseConfigurationReference = 3047A5101AB8059700498E2A /* build-release.xcconfig */;
			buildSettings = {
				ALWAYS_SEARCH_USER_PATHS = NO;
				ASSETCATALOG_COMPILER_APPICON_NAME = AppIcon;
				ASSETCATALOG_COMPILER_LAUNCHIMAGE_NAME = LaunchImage;
				CLANG_ENABLE_MODULES = YES;
				CLANG_ENABLE_OBJC_ARC = YES;
				CODE_SIGN_ENTITLEMENTS = ShareCharge/ShareCharge.entitlements;
				"CODE_SIGN_IDENTITY[sdk=iphoneos*]" = "iPhone Developer";
				COPY_PHASE_STRIP = YES;
				DEVELOPMENT_TEAM = S8N3ZACVV9;
				FRAMEWORK_SEARCH_PATHS = (
					"$(inherited)",
					"\"ShareCharge/Plugins/cordova-plugin-facebook4\"",
					"\"ShareCharge/Plugins/cordova-plugin-facebook4\"",
					"\"ShareCharge/Plugins/cordova-plugin-facebook4\"",
					"\"ShareCharge/Plugins/cordova-plugin-facebook4\"",
				);
				GCC_NO_COMMON_BLOCKS = NO;
				GCC_PRECOMPILE_PREFIX_HEADER = YES;
				GCC_PREFIX_HEADER = "ShareCharge/ShareCharge-Prefix.pch";
				GCC_THUMB_SUPPORT = NO;
				GCC_VERSION = "";
				INFOPLIST_FILE = "ShareCharge/ShareCharge-Info.plist";
				IPHONEOS_DEPLOYMENT_TARGET = 9.0;
				LD_RUNPATH_SEARCH_PATHS = "@executable_path/Frameworks";
				LIBRARY_SEARCH_PATHS = (
					"$(inherited)",
					"\"$(SRCROOT)/ShareCharge/Plugins/phonegap-plugin-push/GCM/Libraries\"",
					"\"$(SRCROOT)/ShareCharge/Plugins/phonegap-plugin-push/GCM/Libraries\"",
					"\"$(SRCROOT)/ShareCharge/Plugins/phonegap-plugin-push/GCM/Libraries\"",
					"\"$(SRCROOT)/ShareCharge/Plugins/phonegap-plugin-push/GCM/Libraries\"",
					"\"$(SRCROOT)/ShareCharge/Plugins/phonegap-plugin-push/GCM/Libraries\"",
					"\"$(SRCROOT)/ShareCharge/Plugins/phonegap-plugin-push/GCM/Libraries\"",
					"\"$(SRCROOT)/ShareCharge/Plugins/phonegap-plugin-push/GCM/Libraries\"",
					"\"$(SRCROOT)/ShareCharge/Plugins/phonegap-plugin-push/GCM/Libraries\"",
					"\"$(SRCROOT)/ShareCharge/Plugins/phonegap-plugin-push/GCM/Libraries\"",
					"\"$(SRCROOT)/ShareCharge/Plugins/phonegap-plugin-push/GCM/Libraries\"",
					"\"$(SRCROOT)/ShareCharge/Plugins/phonegap-plugin-push/GCM/Libraries\"",
					"\"$(SRCROOT)/ShareCharge/Plugins/phonegap-plugin-push/GCM/Libraries\"",
					"\"$(SRCROOT)/ShareCharge/Plugins/phonegap-plugin-push/GCM/Libraries\"",
					"\"$(SRCROOT)/ShareCharge/Plugins/phonegap-plugin-push/GCM/Libraries\"",
					"\"$(SRCROOT)/ShareCharge/Plugins/phonegap-plugin-push/GCM/Libraries\"",
					"\"$(SRCROOT)/ShareCharge/Plugins/phonegap-plugin-push/GCM/Libraries\"",
					"\"$(SRCROOT)/ShareCharge/Plugins/phonegap-plugin-push/GCM/Libraries\"",
					"\"$(SRCROOT)/ShareCharge/Plugins/phonegap-plugin-push/GCM/Libraries\"",
					"\"$(SRCROOT)/ShareCharge/Plugins/phonegap-plugin-push/GCM/Libraries\"",
					"\"$(SRCROOT)/ShareCharge/Plugins/phonegap-plugin-push/GCM/Libraries\"",
					"\"$(SRCROOT)/ShareCharge/Plugins/phonegap-plugin-push/GCM/Libraries\"",
					"\"$(SRCROOT)/ShareCharge/Plugins/phonegap-plugin-push/GCM/Libraries\"",
					"\"$(SRCROOT)/ShareCharge/Plugins/phonegap-plugin-push/GCM/Libraries\"",
					"\"$(SRCROOT)/ShareCharge/Plugins/phonegap-plugin-push/GCM/Libraries\"",
					"\"$(SRCROOT)/ShareCharge/Plugins/phonegap-plugin-push/GCM/Libraries\"",
					"\"$(SRCROOT)/ShareCharge/Plugins/phonegap-plugin-push/GCM/Libraries\"",
					"\"$(SRCROOT)/ShareCharge/Plugins/phonegap-plugin-push/GCM/Libraries\"",
					"\"$(SRCROOT)/ShareCharge/Plugins/phonegap-plugin-push/GCM/Libraries\"",
					"\"$(SRCROOT)/ShareCharge/Plugins/phonegap-plugin-push/GCM/Libraries\"",
					"\"$(SRCROOT)/ShareCharge/Plugins/phonegap-plugin-push/GCM/Libraries\"",
					"\"$(SRCROOT)/ShareCharge/Plugins/phonegap-plugin-push/GCM/Libraries\"",
					"\"$(SRCROOT)/ShareCharge/Plugins/phonegap-plugin-push/GCM/Libraries\"",
					"\"$(SRCROOT)/ShareCharge/Plugins/phonegap-plugin-push/GCM/Libraries\"",
					"\"$(SRCROOT)/ShareCharge/Plugins/phonegap-plugin-push/GCM/Libraries\"",
					"\"$(SRCROOT)/ShareCharge/Plugins/phonegap-plugin-push/GCM/Libraries\"",
					"\"$(SRCROOT)/ShareCharge/Plugins/phonegap-plugin-push/GCM/Libraries\"",
					"\"$(SRCROOT)/ShareCharge/Plugins/phonegap-plugin-push/GCM/Libraries\"",
					"\"$(SRCROOT)/ShareCharge/Plugins/phonegap-plugin-push/GCM/Libraries\"",
					"\"$(SRCROOT)/ShareCharge/Plugins/phonegap-plugin-push/GCM/Libraries\"",
					"\"$(SRCROOT)/ShareCharge/Plugins/phonegap-plugin-push/GCM/Libraries\"",
					"\"$(SRCROOT)/ShareCharge/Plugins/phonegap-plugin-push/GCM/Libraries\"",
					"\"$(SRCROOT)/ShareCharge/Plugins/phonegap-plugin-push/GCM/Libraries\"",
					"\"$(SRCROOT)/ShareCharge/Plugins/phonegap-plugin-push/GCM/Libraries\"",
					"\"$(SRCROOT)/ShareCharge/Plugins/phonegap-plugin-push/GCM/Libraries\"",
					"\"$(SRCROOT)/ShareCharge/Plugins/phonegap-plugin-push/GCM/Libraries\"",
					"\"$(SRCROOT)/ShareCharge/Plugins/phonegap-plugin-push/GCM/Libraries\"",
					"\"$(SRCROOT)/ShareCharge/Plugins/phonegap-plugin-push/GCM/Libraries\"",
					"\"$(SRCROOT)/ShareCharge/Plugins/phonegap-plugin-push/GCM/Libraries\"",
					"\"$(SRCROOT)/ShareCharge/Plugins/phonegap-plugin-push/GCM/Libraries\"",
					"\"$(SRCROOT)/ShareCharge/Plugins/phonegap-plugin-push/GCM/Libraries\"",
					"\"$(SRCROOT)/ShareCharge/Plugins/phonegap-plugin-push/GCM/Libraries\"",
					"\"$(SRCROOT)/ShareCharge/Plugins/phonegap-plugin-push/GCM/Libraries\"",
				);
				PRODUCT_NAME = ShareCharge;
				PROVISIONING_PROFILE_SPECIFIER = "";
				TARGETED_DEVICE_FAMILY = "1,2";
			};
			name = Release;
		};
		C01FCF4F08A954540054247B /* Debug */ = {
			isa = XCBuildConfiguration;
			baseConfigurationReference = 3047A5111AB8059700498E2A /* build.xcconfig */;
			buildSettings = {
				ASSETCATALOG_COMPILER_LAUNCHIMAGE_NAME = LaunchImage;
				CLANG_ENABLE_MODULES = YES;
				CLANG_ENABLE_OBJC_ARC = YES;
				CLANG_WARN_BOOL_CONVERSION = YES;
				CLANG_WARN_CONSTANT_CONVERSION = YES;
				CLANG_WARN_EMPTY_BODY = YES;
				CLANG_WARN_ENUM_CONVERSION = YES;
				CLANG_WARN_INT_CONVERSION = YES;
				CLANG_WARN__DUPLICATE_METHOD_MATCH = YES;
				GCC_C_LANGUAGE_STANDARD = c99;
				GCC_NO_COMMON_BLOCKS = NO;
				GCC_THUMB_SUPPORT = NO;
				GCC_VERSION = "";
				GCC_WARN_ABOUT_RETURN_TYPE = YES;
				GCC_WARN_UNDECLARED_SELECTOR = YES;
				GCC_WARN_UNINITIALIZED_AUTOS = YES;
				GCC_WARN_UNUSED_FUNCTION = YES;
				GCC_WARN_UNUSED_VARIABLE = YES;
				ONLY_ACTIVE_ARCH = YES;
				SDKROOT = iphoneos;
				SKIP_INSTALL = NO;
			};
			name = Debug;
		};
		C01FCF5008A954540054247B /* Release */ = {
			isa = XCBuildConfiguration;
			baseConfigurationReference = 3047A5111AB8059700498E2A /* build.xcconfig */;
			buildSettings = {
				ASSETCATALOG_COMPILER_LAUNCHIMAGE_NAME = LaunchImage;
				CLANG_ENABLE_MODULES = YES;
				CLANG_ENABLE_OBJC_ARC = YES;
				CLANG_WARN_BOOL_CONVERSION = YES;
				CLANG_WARN_CONSTANT_CONVERSION = YES;
				CLANG_WARN_EMPTY_BODY = YES;
				CLANG_WARN_ENUM_CONVERSION = YES;
				CLANG_WARN_INT_CONVERSION = YES;
				CLANG_WARN__DUPLICATE_METHOD_MATCH = YES;
				GCC_C_LANGUAGE_STANDARD = c99;
				GCC_NO_COMMON_BLOCKS = NO;
				GCC_THUMB_SUPPORT = NO;
				GCC_VERSION = "";
				GCC_WARN_ABOUT_RETURN_TYPE = YES;
				GCC_WARN_UNDECLARED_SELECTOR = YES;
				GCC_WARN_UNINITIALIZED_AUTOS = YES;
				GCC_WARN_UNUSED_FUNCTION = YES;
				GCC_WARN_UNUSED_VARIABLE = YES;
				SDKROOT = iphoneos;
				SKIP_INSTALL = NO;
			};
			name = Release;
		};
/* End XCBuildConfiguration section */

/* Begin XCConfigurationList section */
		1D6058960D05DD3E006BFB54 /* Build configuration list for PBXNativeTarget "ShareCharge" */ = {
			isa = XCConfigurationList;
			buildConfigurations = (
				1D6058940D05DD3E006BFB54 /* Debug */,
				1D6058950D05DD3E006BFB54 /* Release */,
			);
			defaultConfigurationIsVisible = 0;
			defaultConfigurationName = Release;
		};
		C01FCF4E08A954540054247B /* Build configuration list for PBXProject "ShareCharge" */ = {
			isa = XCConfigurationList;
			buildConfigurations = (
				C01FCF4F08A954540054247B /* Debug */,
				C01FCF5008A954540054247B /* Release */,
			);
			defaultConfigurationIsVisible = 0;
			defaultConfigurationName = Release;
		};
/* End XCConfigurationList section */
	};
	rootObject = 29B97313FDCFA39411CA2CEA /* Project object */;
}
